// !$*UTF8*$!
{
	archiveVersion = 1;
	classes = {
	};
	objectVersion = 46;
	objects = {

/* Begin PBXBuildFile section */
		5F0B254D1D6973FE0005D4A6 /* main.m in Sources */ = {isa = PBXBuildFile; fileRef = 5F0B254C1D6973FE0005D4A6 /* main.m */; };
		5F0B25501D6973FE0005D4A6 /* AppDelegate.m in Sources */ = {isa = PBXBuildFile; fileRef = 5F0B254F1D6973FE0005D4A6 /* AppDelegate.m */; };
		5F0B25591D6973FE0005D4A6 /* CHGMenuSample.xcdatamodeld in Sources */ = {isa = PBXBuildFile; fileRef = 5F0B25571D6973FE0005D4A6 /* CHGMenuSample.xcdatamodeld */; };
		5F0B255B1D6973FE0005D4A6 /* Assets.xcassets in Resources */ = {isa = PBXBuildFile; fileRef = 5F0B255A1D6973FE0005D4A6 /* Assets.xcassets */; };
		5F0B255E1D6973FE0005D4A6 /* LaunchScreen.storyboard in Resources */ = {isa = PBXBuildFile; fileRef = 5F0B255C1D6973FE0005D4A6 /* LaunchScreen.storyboard */; };
		5F0B25691D6973FF0005D4A6 /* CHGMenuSampleTests.m in Sources */ = {isa = PBXBuildFile; fileRef = 5F0B25681D6973FF0005D4A6 /* CHGMenuSampleTests.m */; };
		5F0B25741D6973FF0005D4A6 /* CHGMenuSampleUITests.m in Sources */ = {isa = PBXBuildFile; fileRef = 5F0B25731D6973FF0005D4A6 /* CHGMenuSampleUITests.m */; };
		5F0B25911D69742A0005D4A6 /* CHGAdView.m in Sources */ = {isa = PBXBuildFile; fileRef = 5F0B25831D69742A0005D4A6 /* CHGAdView.m */; };
		5F0B25921D69742A0005D4A6 /* CHGGridView.m in Sources */ = {isa = PBXBuildFile; fileRef = 5F0B25851D69742A0005D4A6 /* CHGGridView.m */; };
		5F0B25931D69742A0005D4A6 /* CHGGridViewCell.m in Sources */ = {isa = PBXBuildFile; fileRef = 5F0B25871D69742A0005D4A6 /* CHGGridViewCell.m */; };
		5F0B25941D69742A0005D4A6 /* CHGMenu.m in Sources */ = {isa = PBXBuildFile; fileRef = 5F0B25891D69742A0005D4A6 /* CHGMenu.m */; };
		5F0B25951D69742A0005D4A6 /* CHGTabPage.m in Sources */ = {isa = PBXBuildFile; fileRef = 5F0B258B1D69742A0005D4A6 /* CHGTabPage.m */; };
		5F0B25961D69742A0005D4A6 /* CHGTabView.m in Sources */ = {isa = PBXBuildFile; fileRef = 5F0B258D1D69742A0005D4A6 /* CHGTabView.m */; };
		5F0B25971D69742A0005D4A6 /* ItemBtnCell.m in Sources */ = {isa = PBXBuildFile; fileRef = 5F0B258F1D69742A0005D4A6 /* ItemBtnCell.m */; };
		5F0B25981D69742A0005D4A6 /* ItemBtnCell.xib in Resources */ = {isa = PBXBuildFile; fileRef = 5F0B25901D69742A0005D4A6 /* ItemBtnCell.xib */; };
		5F0B259C1D6976600005D4A6 /* TableViewController.m in Sources */ = {isa = PBXBuildFile; fileRef = 5F0B259B1D6976600005D4A6 /* TableViewController.m */; };
		5F0B25A71D6980790005D4A6 /* NavCell.m in Sources */ = {isa = PBXBuildFile; fileRef = 5F0B25A61D6980790005D4A6 /* NavCell.m */; };
		5F0B25A91D6980870005D4A6 /* NavCell.xib in Resources */ = {isa = PBXBuildFile; fileRef = 5F0B25A81D6980870005D4A6 /* NavCell.xib */; };
		5F0B25AD1D6983B60005D4A6 /* CHGNavigationViewController.m in Sources */ = {isa = PBXBuildFile; fileRef = 5F0B25AB1D6983B60005D4A6 /* CHGNavigationViewController.m */; };
		5F0B25AE1D6983B60005D4A6 /* CHGNavigationViewController.xib in Resources */ = {isa = PBXBuildFile; fileRef = 5F0B25AC1D6983B60005D4A6 /* CHGNavigationViewController.xib */; };
		5F0B25B31D6986E20005D4A6 /* AdModeTableViewController.m in Sources */ = {isa = PBXBuildFile; fileRef = 5F0B25B11D6986E20005D4A6 /* AdModeTableViewController.m */; };
		5F0B25B41D6986E20005D4A6 /* AdModeTableViewController.xib in Resources */ = {isa = PBXBuildFile; fileRef = 5F0B25B21D6986E20005D4A6 /* AdModeTableViewController.xib */; };
		5F0B25B71D6987DC0005D4A6 /* AdCell.m in Sources */ = {isa = PBXBuildFile; fileRef = 5F0B25B61D6987DC0005D4A6 /* AdCell.m */; };
		5F0B25B91D6987EE0005D4A6 /* AdCell.xib in Resources */ = {isa = PBXBuildFile; fileRef = 5F0B25B81D6987EE0005D4A6 /* AdCell.xib */; };
		5F0B25BE1D698CE10005D4A6 /* MenuTableViewController.m in Sources */ = {isa = PBXBuildFile; fileRef = 5F0B25BC1D698CE10005D4A6 /* MenuTableViewController.m */; };
		5F0B25BF1D698CE10005D4A6 /* MenuTableViewController.xib in Resources */ = {isa = PBXBuildFile; fileRef = 5F0B25BD1D698CE10005D4A6 /* MenuTableViewController.xib */; };
		5F0B25C21D698D000005D4A6 /* MenuItemCell.m in Sources */ = {isa = PBXBuildFile; fileRef = 5F0B25C11D698D000005D4A6 /* MenuItemCell.m */; };
		5F0B25C41D698D0B0005D4A6 /* MenuItemCell.xib in Resources */ = {isa = PBXBuildFile; fileRef = 5F0B25C31D698D0B0005D4A6 /* MenuItemCell.xib */; };
		5F0B25C81D698E550005D4A6 /* icon_.png in Resources */ = {isa = PBXBuildFile; fileRef = 5F0B25C71D698E550005D4A6 /* icon_.png */; };
		5F0B25CE1D69964A0005D4A6 /* Tab1ViewController.m in Sources */ = {isa = PBXBuildFile; fileRef = 5F0B25CC1D69964A0005D4A6 /* Tab1ViewController.m */; };
		5F0B25CF1D69964A0005D4A6 /* Tab1ViewController.xib in Resources */ = {isa = PBXBuildFile; fileRef = 5F0B25CD1D69964A0005D4A6 /* Tab1ViewController.xib */; };
		5F0B25D21D699EEF0005D4A6 /* Tab1BtnCell.m in Sources */ = {isa = PBXBuildFile; fileRef = 5F0B25D11D699EEF0005D4A6 /* Tab1BtnCell.m */; };
		5F0B25D41D699EFE0005D4A6 /* Tab1BtnCell.xib in Resources */ = {isa = PBXBuildFile; fileRef = 5F0B25D31D699EFE0005D4A6 /* Tab1BtnCell.xib */; };
		5F0B25D81D69A2AE0005D4A6 /* TableViewCell.m in Sources */ = {isa = PBXBuildFile; fileRef = 5F0B25D71D69A2AE0005D4A6 /* TableViewCell.m */; };
		5F0B25DA1D69A2B90005D4A6 /* TableViewCell.xib in Resources */ = {isa = PBXBuildFile; fileRef = 5F0B25D91D69A2B90005D4A6 /* TableViewCell.xib */; };
		5F0B25E31D69BA690005D4A6 /* SecondViewController.m in Sources */ = {isa = PBXBuildFile; fileRef = 5F0B25E11D69BA690005D4A6 /* SecondViewController.m */; };
		5F0B25E41D69BA690005D4A6 /* SecondViewController.xib in Resources */ = {isa = PBXBuildFile; fileRef = 5F0B25E21D69BA690005D4A6 /* SecondViewController.xib */; };
		5F0B25EC1D69FD0F0005D4A6 /* MemoryTestViewController.m in Sources */ = {isa = PBXBuildFile; fileRef = 5F0B25EA1D69FD0F0005D4A6 /* MemoryTestViewController.m */; };
		5F0B25ED1D69FD0F0005D4A6 /* MemoryTestViewController.xib in Resources */ = {isa = PBXBuildFile; fileRef = 5F0B25EB1D69FD0F0005D4A6 /* MemoryTestViewController.xib */; };
/* End PBXBuildFile section */

/* Begin PBXContainerItemProxy section */
		5F0B25651D6973FF0005D4A6 /* PBXContainerItemProxy */ = {
			isa = PBXContainerItemProxy;
			containerPortal = 5F0B25401D6973FE0005D4A6 /* Project object */;
			proxyType = 1;
			remoteGlobalIDString = 5F0B25471D6973FE0005D4A6;
			remoteInfo = CHGMenuSample;
		};
		5F0B25701D6973FF0005D4A6 /* PBXContainerItemProxy */ = {
			isa = PBXContainerItemProxy;
			containerPortal = 5F0B25401D6973FE0005D4A6 /* Project object */;
			proxyType = 1;
			remoteGlobalIDString = 5F0B25471D6973FE0005D4A6;
			remoteInfo = CHGMenuSample;
		};
/* End PBXContainerItemProxy section */

/* Begin PBXFileReference section */
		5F0B25481D6973FE0005D4A6 /* CHGMenuSample.app */ = {isa = PBXFileReference; explicitFileType = wrapper.application; includeInIndex = 0; path = CHGMenuSample.app; sourceTree = BUILT_PRODUCTS_DIR; };
		5F0B254C1D6973FE0005D4A6 /* main.m */ = {isa = PBXFileReference; lastKnownFileType = sourcecode.c.objc; path = main.m; sourceTree = "<group>"; };
		5F0B254E1D6973FE0005D4A6 /* AppDelegate.h */ = {isa = PBXFileReference; lastKnownFileType = sourcecode.c.h; path = AppDelegate.h; sourceTree = "<group>"; };
		5F0B254F1D6973FE0005D4A6 /* AppDelegate.m */ = {isa = PBXFileReference; lastKnownFileType = sourcecode.c.objc; path = AppDelegate.m; sourceTree = "<group>"; };
		5F0B25581D6973FE0005D4A6 /* CHGMenuSample.xcdatamodel */ = {isa = PBXFileReference; lastKnownFileType = wrapper.xcdatamodel; path = CHGMenuSample.xcdatamodel; sourceTree = "<group>"; };
		5F0B255A1D6973FE0005D4A6 /* Assets.xcassets */ = {isa = PBXFileReference; lastKnownFileType = folder.assetcatalog; path = Assets.xcassets; sourceTree = "<group>"; };
		5F0B255D1D6973FE0005D4A6 /* Base */ = {isa = PBXFileReference; lastKnownFileType = file.storyboard; name = Base; path = Base.lproj/LaunchScreen.storyboard; sourceTree = "<group>"; };
		5F0B255F1D6973FE0005D4A6 /* Info.plist */ = {isa = PBXFileReference; lastKnownFileType = text.plist.xml; path = Info.plist; sourceTree = "<group>"; };
		5F0B25641D6973FF0005D4A6 /* CHGMenuSampleTests.xctest */ = {isa = PBXFileReference; explicitFileType = wrapper.cfbundle; includeInIndex = 0; path = CHGMenuSampleTests.xctest; sourceTree = BUILT_PRODUCTS_DIR; };
		5F0B25681D6973FF0005D4A6 /* CHGMenuSampleTests.m */ = {isa = PBXFileReference; lastKnownFileType = sourcecode.c.objc; path = CHGMenuSampleTests.m; sourceTree = "<group>"; };
		5F0B256A1D6973FF0005D4A6 /* Info.plist */ = {isa = PBXFileReference; lastKnownFileType = text.plist.xml; path = Info.plist; sourceTree = "<group>"; };
		5F0B256F1D6973FF0005D4A6 /* CHGMenuSampleUITests.xctest */ = {isa = PBXFileReference; explicitFileType = wrapper.cfbundle; includeInIndex = 0; path = CHGMenuSampleUITests.xctest; sourceTree = BUILT_PRODUCTS_DIR; };
		5F0B25731D6973FF0005D4A6 /* CHGMenuSampleUITests.m */ = {isa = PBXFileReference; lastKnownFileType = sourcecode.c.objc; path = CHGMenuSampleUITests.m; sourceTree = "<group>"; };
		5F0B25751D6973FF0005D4A6 /* Info.plist */ = {isa = PBXFileReference; lastKnownFileType = text.plist.xml; path = Info.plist; sourceTree = "<group>"; };
		5F0B25821D69742A0005D4A6 /* CHGAdView.h */ = {isa = PBXFileReference; fileEncoding = 4; lastKnownFileType = sourcecode.c.h; path = CHGAdView.h; sourceTree = "<group>"; };
		5F0B25831D69742A0005D4A6 /* CHGAdView.m */ = {isa = PBXFileReference; fileEncoding = 4; lastKnownFileType = sourcecode.c.objc; path = CHGAdView.m; sourceTree = "<group>"; };
		5F0B25841D69742A0005D4A6 /* CHGGridView.h */ = {isa = PBXFileReference; fileEncoding = 4; lastKnownFileType = sourcecode.c.h; path = CHGGridView.h; sourceTree = "<group>"; };
		5F0B25851D69742A0005D4A6 /* CHGGridView.m */ = {isa = PBXFileReference; fileEncoding = 4; lastKnownFileType = sourcecode.c.objc; path = CHGGridView.m; sourceTree = "<group>"; };
		5F0B25861D69742A0005D4A6 /* CHGGridViewCell.h */ = {isa = PBXFileReference; fileEncoding = 4; lastKnownFileType = sourcecode.c.h; path = CHGGridViewCell.h; sourceTree = "<group>"; };
		5F0B25871D69742A0005D4A6 /* CHGGridViewCell.m */ = {isa = PBXFileReference; fileEncoding = 4; lastKnownFileType = sourcecode.c.objc; path = CHGGridViewCell.m; sourceTree = "<group>"; };
		5F0B25881D69742A0005D4A6 /* CHGMenu.h */ = {isa = PBXFileReference; fileEncoding = 4; lastKnownFileType = sourcecode.c.h; path = CHGMenu.h; sourceTree = "<group>"; };
		5F0B25891D69742A0005D4A6 /* CHGMenu.m */ = {isa = PBXFileReference; fileEncoding = 4; lastKnownFileType = sourcecode.c.objc; path = CHGMenu.m; sourceTree = "<group>"; };
		5F0B258A1D69742A0005D4A6 /* CHGTabPage.h */ = {isa = PBXFileReference; fileEncoding = 4; lastKnownFileType = sourcecode.c.h; path = CHGTabPage.h; sourceTree = "<group>"; };
		5F0B258B1D69742A0005D4A6 /* CHGTabPage.m */ = {isa = PBXFileReference; fileEncoding = 4; lastKnownFileType = sourcecode.c.objc; path = CHGTabPage.m; sourceTree = "<group>"; };
		5F0B258C1D69742A0005D4A6 /* CHGTabView.h */ = {isa = PBXFileReference; fileEncoding = 4; lastKnownFileType = sourcecode.c.h; path = CHGTabView.h; sourceTree = "<group>"; };
		5F0B258D1D69742A0005D4A6 /* CHGTabView.m */ = {isa = PBXFileReference; fileEncoding = 4; lastKnownFileType = sourcecode.c.objc; path = CHGTabView.m; sourceTree = "<group>"; };
		5F0B258E1D69742A0005D4A6 /* ItemBtnCell.h */ = {isa = PBXFileReference; fileEncoding = 4; lastKnownFileType = sourcecode.c.h; path = ItemBtnCell.h; sourceTree = "<group>"; };
		5F0B258F1D69742A0005D4A6 /* ItemBtnCell.m */ = {isa = PBXFileReference; fileEncoding = 4; lastKnownFileType = sourcecode.c.objc; path = ItemBtnCell.m; sourceTree = "<group>"; };
		5F0B25901D69742A0005D4A6 /* ItemBtnCell.xib */ = {isa = PBXFileReference; fileEncoding = 4; lastKnownFileType = file.xib; path = ItemBtnCell.xib; sourceTree = "<group>"; };
		5F0B259A1D6976600005D4A6 /* TableViewController.h */ = {isa = PBXFileReference; fileEncoding = 4; lastKnownFileType = sourcecode.c.h; path = TableViewController.h; sourceTree = "<group>"; };
		5F0B259B1D6976600005D4A6 /* TableViewController.m */ = {isa = PBXFileReference; fileEncoding = 4; lastKnownFileType = sourcecode.c.objc; path = TableViewController.m; sourceTree = "<group>"; };
		5F0B25A51D6980790005D4A6 /* NavCell.h */ = {isa = PBXFileReference; fileEncoding = 4; lastKnownFileType = sourcecode.c.h; path = NavCell.h; sourceTree = "<group>"; };
		5F0B25A61D6980790005D4A6 /* NavCell.m */ = {isa = PBXFileReference; fileEncoding = 4; lastKnownFileType = sourcecode.c.objc; path = NavCell.m; sourceTree = "<group>"; };
		5F0B25A81D6980870005D4A6 /* NavCell.xib */ = {isa = PBXFileReference; fileEncoding = 4; lastKnownFileType = file.xib; path = NavCell.xib; sourceTree = "<group>"; };
		5F0B25AA1D6983B60005D4A6 /* CHGNavigationViewController.h */ = {isa = PBXFileReference; fileEncoding = 4; lastKnownFileType = sourcecode.c.h; path = CHGNavigationViewController.h; sourceTree = "<group>"; };
		5F0B25AB1D6983B60005D4A6 /* CHGNavigationViewController.m */ = {isa = PBXFileReference; fileEncoding = 4; lastKnownFileType = sourcecode.c.objc; path = CHGNavigationViewController.m; sourceTree = "<group>"; };
		5F0B25AC1D6983B60005D4A6 /* CHGNavigationViewController.xib */ = {isa = PBXFileReference; fileEncoding = 4; lastKnownFileType = file.xib; path = CHGNavigationViewController.xib; sourceTree = "<group>"; };
		5F0B25B01D6986E20005D4A6 /* AdModeTableViewController.h */ = {isa = PBXFileReference; fileEncoding = 4; lastKnownFileType = sourcecode.c.h; path = AdModeTableViewController.h; sourceTree = "<group>"; };
		5F0B25B11D6986E20005D4A6 /* AdModeTableViewController.m */ = {isa = PBXFileReference; fileEncoding = 4; lastKnownFileType = sourcecode.c.objc; path = AdModeTableViewController.m; sourceTree = "<group>"; };
		5F0B25B21D6986E20005D4A6 /* AdModeTableViewController.xib */ = {isa = PBXFileReference; fileEncoding = 4; lastKnownFileType = file.xib; path = AdModeTableViewController.xib; sourceTree = "<group>"; };
		5F0B25B51D6987DC0005D4A6 /* AdCell.h */ = {isa = PBXFileReference; fileEncoding = 4; lastKnownFileType = sourcecode.c.h; path = AdCell.h; sourceTree = "<group>"; };
		5F0B25B61D6987DC0005D4A6 /* AdCell.m */ = {isa = PBXFileReference; fileEncoding = 4; lastKnownFileType = sourcecode.c.objc; path = AdCell.m; sourceTree = "<group>"; };
		5F0B25B81D6987EE0005D4A6 /* AdCell.xib */ = {isa = PBXFileReference; fileEncoding = 4; lastKnownFileType = file.xib; path = AdCell.xib; sourceTree = "<group>"; };
		5F0B25BB1D698CE10005D4A6 /* MenuTableViewController.h */ = {isa = PBXFileReference; fileEncoding = 4; lastKnownFileType = sourcecode.c.h; path = MenuTableViewController.h; sourceTree = "<group>"; };
		5F0B25BC1D698CE10005D4A6 /* MenuTableViewController.m */ = {isa = PBXFileReference; fileEncoding = 4; lastKnownFileType = sourcecode.c.objc; path = MenuTableViewController.m; sourceTree = "<group>"; };
		5F0B25BD1D698CE10005D4A6 /* MenuTableViewController.xib */ = {isa = PBXFileReference; fileEncoding = 4; lastKnownFileType = file.xib; path = MenuTableViewController.xib; sourceTree = "<group>"; };
		5F0B25C01D698D000005D4A6 /* MenuItemCell.h */ = {isa = PBXFileReference; fileEncoding = 4; lastKnownFileType = sourcecode.c.h; path = MenuItemCell.h; sourceTree = "<group>"; };
		5F0B25C11D698D000005D4A6 /* MenuItemCell.m */ = {isa = PBXFileReference; fileEncoding = 4; lastKnownFileType = sourcecode.c.objc; path = MenuItemCell.m; sourceTree = "<group>"; };
		5F0B25C31D698D0B0005D4A6 /* MenuItemCell.xib */ = {isa = PBXFileReference; fileEncoding = 4; lastKnownFileType = file.xib; path = MenuItemCell.xib; sourceTree = "<group>"; };
		5F0B25C71D698E550005D4A6 /* icon_.png */ = {isa = PBXFileReference; lastKnownFileType = image.png; path = icon_.png; sourceTree = "<group>"; };
		5F0B25CB1D69964A0005D4A6 /* Tab1ViewController.h */ = {isa = PBXFileReference; fileEncoding = 4; lastKnownFileType = sourcecode.c.h; path = Tab1ViewController.h; sourceTree = "<group>"; };
		5F0B25CC1D69964A0005D4A6 /* Tab1ViewController.m */ = {isa = PBXFileReference; fileEncoding = 4; lastKnownFileType = sourcecode.c.objc; path = Tab1ViewController.m; sourceTree = "<group>"; };
		5F0B25CD1D69964A0005D4A6 /* Tab1ViewController.xib */ = {isa = PBXFileReference; fileEncoding = 4; lastKnownFileType = file.xib; path = Tab1ViewController.xib; sourceTree = "<group>"; };
		5F0B25D01D699EEF0005D4A6 /* Tab1BtnCell.h */ = {isa = PBXFileReference; fileEncoding = 4; lastKnownFileType = sourcecode.c.h; path = Tab1BtnCell.h; sourceTree = "<group>"; };
		5F0B25D11D699EEF0005D4A6 /* Tab1BtnCell.m */ = {isa = PBXFileReference; fileEncoding = 4; lastKnownFileType = sourcecode.c.objc; path = Tab1BtnCell.m; sourceTree = "<group>"; };
		5F0B25D31D699EFE0005D4A6 /* Tab1BtnCell.xib */ = {isa = PBXFileReference; fileEncoding = 4; lastKnownFileType = file.xib; path = Tab1BtnCell.xib; sourceTree = "<group>"; };
		5F0B25D61D69A2AE0005D4A6 /* TableViewCell.h */ = {isa = PBXFileReference; fileEncoding = 4; lastKnownFileType = sourcecode.c.h; path = TableViewCell.h; sourceTree = "<group>"; };
		5F0B25D71D69A2AE0005D4A6 /* TableViewCell.m */ = {isa = PBXFileReference; fileEncoding = 4; lastKnownFileType = sourcecode.c.objc; path = TableViewCell.m; sourceTree = "<group>"; };
		5F0B25D91D69A2B90005D4A6 /* TableViewCell.xib */ = {isa = PBXFileReference; fileEncoding = 4; lastKnownFileType = file.xib; path = TableViewCell.xib; sourceTree = "<group>"; };
		5F0B25E01D69BA690005D4A6 /* SecondViewController.h */ = {isa = PBXFileReference; fileEncoding = 4; lastKnownFileType = sourcecode.c.h; path = SecondViewController.h; sourceTree = "<group>"; };
		5F0B25E11D69BA690005D4A6 /* SecondViewController.m */ = {isa = PBXFileReference; fileEncoding = 4; lastKnownFileType = sourcecode.c.objc; path = SecondViewController.m; sourceTree = "<group>"; };
		5F0B25E21D69BA690005D4A6 /* SecondViewController.xib */ = {isa = PBXFileReference; fileEncoding = 4; lastKnownFileType = file.xib; path = SecondViewController.xib; sourceTree = "<group>"; };
		5F0B25E91D69FD0F0005D4A6 /* MemoryTestViewController.h */ = {isa = PBXFileReference; fileEncoding = 4; lastKnownFileType = sourcecode.c.h; path = MemoryTestViewController.h; sourceTree = "<group>"; };
		5F0B25EA1D69FD0F0005D4A6 /* MemoryTestViewController.m */ = {isa = PBXFileReference; fileEncoding = 4; lastKnownFileType = sourcecode.c.objc; path = MemoryTestViewController.m; sourceTree = "<group>"; };
		5F0B25EB1D69FD0F0005D4A6 /* MemoryTestViewController.xib */ = {isa = PBXFileReference; fileEncoding = 4; lastKnownFileType = file.xib; path = MemoryTestViewController.xib; sourceTree = "<group>"; };
/* End PBXFileReference section */

/* Begin PBXFrameworksBuildPhase section */
		5F0B25451D6973FE0005D4A6 /* Frameworks */ = {
			isa = PBXFrameworksBuildPhase;
			buildActionMask = 2147483647;
			files = (
			);
			runOnlyForDeploymentPostprocessing = 0;
		};
		5F0B25611D6973FF0005D4A6 /* Frameworks */ = {
			isa = PBXFrameworksBuildPhase;
			buildActionMask = 2147483647;
			files = (
			);
			runOnlyForDeploymentPostprocessing = 0;
		};
		5F0B256C1D6973FF0005D4A6 /* Frameworks */ = {
			isa = PBXFrameworksBuildPhase;
			buildActionMask = 2147483647;
			files = (
			);
			runOnlyForDeploymentPostprocessing = 0;
		};
/* End PBXFrameworksBuildPhase section */

/* Begin PBXGroup section */
		5F0B253F1D6973FE0005D4A6 = {
			isa = PBXGroup;
			children = (
				5F0B25811D6974080005D4A6 /* CHGGridView */,
				5F0B254A1D6973FE0005D4A6 /* CHGMenuSample */,
				5F0B25671D6973FF0005D4A6 /* CHGMenuSampleTests */,
				5F0B25721D6973FF0005D4A6 /* CHGMenuSampleUITests */,
				5F0B25491D6973FE0005D4A6 /* Products */,
			);
			sourceTree = "<group>";
		};
		5F0B25491D6973FE0005D4A6 /* Products */ = {
			isa = PBXGroup;
			children = (
				5F0B25481D6973FE0005D4A6 /* CHGMenuSample.app */,
				5F0B25641D6973FF0005D4A6 /* CHGMenuSampleTests.xctest */,
				5F0B256F1D6973FF0005D4A6 /* CHGMenuSampleUITests.xctest */,
			);
			name = Products;
			sourceTree = "<group>";
		};
		5F0B254A1D6973FE0005D4A6 /* CHGMenuSample */ = {
			isa = PBXGroup;
			children = (
				5F0B25E81D69FCDF0005D4A6 /* memoryTest */,
				5F0B25C91D6996230005D4A6 /* tab1 */,
				5F0B25BA1D698CC40005D4A6 /* MenuMode */,
				5F0B25991D6976320005D4A6 /* navigation */,
				5F0B25AF1D6986C70005D4A6 /* AdMode */,
				5F0B259A1D6976600005D4A6 /* TableViewController.h */,
				5F0B259B1D6976600005D4A6 /* TableViewController.m */,
				5F0B254E1D6973FE0005D4A6 /* AppDelegate.h */,
				5F0B254F1D6973FE0005D4A6 /* AppDelegate.m */,
				5F0B255A1D6973FE0005D4A6 /* Assets.xcassets */,
				5F0B255C1D6973FE0005D4A6 /* LaunchScreen.storyboard */,
				5F0B255F1D6973FE0005D4A6 /* Info.plist */,
				5F0B25571D6973FE0005D4A6 /* CHGMenuSample.xcdatamodeld */,
				5F0B254B1D6973FE0005D4A6 /* Supporting Files */,
			);
			path = CHGMenuSample;
			sourceTree = "<group>";
		};
		5F0B254B1D6973FE0005D4A6 /* Supporting Files */ = {
			isa = PBXGroup;
			children = (
				5F0B25C61D698E4D0005D4A6 /* image */,
				5F0B254C1D6973FE0005D4A6 /* main.m */,
			);
			name = "Supporting Files";
			sourceTree = "<group>";
		};
		5F0B25671D6973FF0005D4A6 /* CHGMenuSampleTests */ = {
			isa = PBXGroup;
			children = (
				5F0B25681D6973FF0005D4A6 /* CHGMenuSampleTests.m */,
				5F0B256A1D6973FF0005D4A6 /* Info.plist */,
			);
			path = CHGMenuSampleTests;
			sourceTree = "<group>";
		};
		5F0B25721D6973FF0005D4A6 /* CHGMenuSampleUITests */ = {
			isa = PBXGroup;
			children = (
				5F0B25731D6973FF0005D4A6 /* CHGMenuSampleUITests.m */,
				5F0B25751D6973FF0005D4A6 /* Info.plist */,
			);
			path = CHGMenuSampleUITests;
			sourceTree = "<group>";
		};
		5F0B25811D6974080005D4A6 /* CHGGridView */ = {
			isa = PBXGroup;
			children = (
				5F0B25E71D69BF040005D4A6 /* CHGTabPage */,
				5F0B25E61D69BEF00005D4A6 /* CHGMenu */,
				5F0B25E51D69BEC60005D4A6 /* CHGAdView */,
				5F0B25841D69742A0005D4A6 /* CHGGridView.h */,
				5F0B25851D69742A0005D4A6 /* CHGGridView.m */,
				5F0B25861D69742A0005D4A6 /* CHGGridViewCell.h */,
				5F0B25871D69742A0005D4A6 /* CHGGridViewCell.m */,
			);
			name = CHGGridView;
			sourceTree = "<group>";
		};
		5F0B25991D6976320005D4A6 /* navigation */ = {
			isa = PBXGroup;
			children = (
				5F0B25AA1D6983B60005D4A6 /* CHGNavigationViewController.h */,
				5F0B25AB1D6983B60005D4A6 /* CHGNavigationViewController.m */,
				5F0B25AC1D6983B60005D4A6 /* CHGNavigationViewController.xib */,
				5F0B25A51D6980790005D4A6 /* NavCell.h */,
				5F0B25A61D6980790005D4A6 /* NavCell.m */,
				5F0B25A81D6980870005D4A6 /* NavCell.xib */,
			);
			name = navigation;
			sourceTree = "<group>";
		};
		5F0B25AF1D6986C70005D4A6 /* AdMode */ = {
			isa = PBXGroup;
			children = (
				5F0B25B01D6986E20005D4A6 /* AdModeTableViewController.h */,
				5F0B25B11D6986E20005D4A6 /* AdModeTableViewController.m */,
				5F0B25B21D6986E20005D4A6 /* AdModeTableViewController.xib */,
				5F0B25B51D6987DC0005D4A6 /* AdCell.h */,
				5F0B25B61D6987DC0005D4A6 /* AdCell.m */,
				5F0B25B81D6987EE0005D4A6 /* AdCell.xib */,
			);
			name = AdMode;
			sourceTree = "<group>";
		};
		5F0B25BA1D698CC40005D4A6 /* MenuMode */ = {
			isa = PBXGroup;
			children = (
				5F0B25BB1D698CE10005D4A6 /* MenuTableViewController.h */,
				5F0B25BC1D698CE10005D4A6 /* MenuTableViewController.m */,
				5F0B25BD1D698CE10005D4A6 /* MenuTableViewController.xib */,
				5F0B25C01D698D000005D4A6 /* MenuItemCell.h */,
				5F0B25C11D698D000005D4A6 /* MenuItemCell.m */,
				5F0B25C31D698D0B0005D4A6 /* MenuItemCell.xib */,
			);
			name = MenuMode;
			sourceTree = "<group>";
		};
		5F0B25C61D698E4D0005D4A6 /* image */ = {
			isa = PBXGroup;
			children = (
				5F0B25C71D698E550005D4A6 /* icon_.png */,
			);
			name = image;
			sourceTree = "<group>";
		};
		5F0B25C91D6996230005D4A6 /* tab1 */ = {
			isa = PBXGroup;
			children = (
				5F0B25D51D69A27D0005D4A6 /* page */,
				5F0B25CB1D69964A0005D4A6 /* Tab1ViewController.h */,
				5F0B25CC1D69964A0005D4A6 /* Tab1ViewController.m */,
				5F0B25CD1D69964A0005D4A6 /* Tab1ViewController.xib */,
				5F0B25D01D699EEF0005D4A6 /* Tab1BtnCell.h */,
				5F0B25D11D699EEF0005D4A6 /* Tab1BtnCell.m */,
				5F0B25D31D699EFE0005D4A6 /* Tab1BtnCell.xib */,
				5F0B25E01D69BA690005D4A6 /* SecondViewController.h */,
				5F0B25E11D69BA690005D4A6 /* SecondViewController.m */,
				5F0B25E21D69BA690005D4A6 /* SecondViewController.xib */,
			);
			name = tab1;
			sourceTree = "<group>";
		};
		5F0B25D51D69A27D0005D4A6 /* page */ = {
			isa = PBXGroup;
			children = (
				5F0B25D61D69A2AE0005D4A6 /* TableViewCell.h */,
				5F0B25D71D69A2AE0005D4A6 /* TableViewCell.m */,
				5F0B25D91D69A2B90005D4A6 /* TableViewCell.xib */,
			);
			name = page;
			sourceTree = "<group>";
		};
		5F0B25E51D69BEC60005D4A6 /* CHGAdView */ = {
			isa = PBXGroup;
			children = (
				5F0B25821D69742A0005D4A6 /* CHGAdView.h */,
				5F0B25831D69742A0005D4A6 /* CHGAdView.m */,
			);
			name = CHGAdView;
			sourceTree = "<group>";
		};
		5F0B25E61D69BEF00005D4A6 /* CHGMenu */ = {
			isa = PBXGroup;
			children = (
				5F0B25881D69742A0005D4A6 /* CHGMenu.h */,
				5F0B25891D69742A0005D4A6 /* CHGMenu.m */,
			);
			name = CHGMenu;
			sourceTree = "<group>";
		};
		5F0B25E71D69BF040005D4A6 /* CHGTabPage */ = {
			isa = PBXGroup;
			children = (
				5F0B258A1D69742A0005D4A6 /* CHGTabPage.h */,
				5F0B258B1D69742A0005D4A6 /* CHGTabPage.m */,
				5F0B258C1D69742A0005D4A6 /* CHGTabView.h */,
				5F0B258D1D69742A0005D4A6 /* CHGTabView.m */,
				5F0B258E1D69742A0005D4A6 /* ItemBtnCell.h */,
				5F0B258F1D69742A0005D4A6 /* ItemBtnCell.m */,
				5F0B25901D69742A0005D4A6 /* ItemBtnCell.xib */,
			);
			name = CHGTabPage;
			sourceTree = "<group>";
		};
		5F0B25E81D69FCDF0005D4A6 /* memoryTest */ = {
			isa = PBXGroup;
			children = (
				5F0B25E91D69FD0F0005D4A6 /* MemoryTestViewController.h */,
				5F0B25EA1D69FD0F0005D4A6 /* MemoryTestViewController.m */,
				5F0B25EB1D69FD0F0005D4A6 /* MemoryTestViewController.xib */,
			);
			name = memoryTest;
			sourceTree = "<group>";
		};
/* End PBXGroup section */

/* Begin PBXNativeTarget section */
		5F0B25471D6973FE0005D4A6 /* CHGMenuSample */ = {
			isa = PBXNativeTarget;
			buildConfigurationList = 5F0B25781D6973FF0005D4A6 /* Build configuration list for PBXNativeTarget "CHGMenuSample" */;
			buildPhases = (
				5F0B25441D6973FE0005D4A6 /* Sources */,
				5F0B25451D6973FE0005D4A6 /* Frameworks */,
				5F0B25461D6973FE0005D4A6 /* Resources */,
			);
			buildRules = (
			);
			dependencies = (
			);
			name = CHGMenuSample;
			productName = CHGMenuSample;
			productReference = 5F0B25481D6973FE0005D4A6 /* CHGMenuSample.app */;
			productType = "com.apple.product-type.application";
		};
		5F0B25631D6973FF0005D4A6 /* CHGMenuSampleTests */ = {
			isa = PBXNativeTarget;
			buildConfigurationList = 5F0B257B1D6973FF0005D4A6 /* Build configuration list for PBXNativeTarget "CHGMenuSampleTests" */;
			buildPhases = (
				5F0B25601D6973FF0005D4A6 /* Sources */,
				5F0B25611D6973FF0005D4A6 /* Frameworks */,
				5F0B25621D6973FF0005D4A6 /* Resources */,
			);
			buildRules = (
			);
			dependencies = (
				5F0B25661D6973FF0005D4A6 /* PBXTargetDependency */,
			);
			name = CHGMenuSampleTests;
			productName = CHGMenuSampleTests;
			productReference = 5F0B25641D6973FF0005D4A6 /* CHGMenuSampleTests.xctest */;
			productType = "com.apple.product-type.bundle.unit-test";
		};
		5F0B256E1D6973FF0005D4A6 /* CHGMenuSampleUITests */ = {
			isa = PBXNativeTarget;
			buildConfigurationList = 5F0B257E1D6973FF0005D4A6 /* Build configuration list for PBXNativeTarget "CHGMenuSampleUITests" */;
			buildPhases = (
				5F0B256B1D6973FF0005D4A6 /* Sources */,
				5F0B256C1D6973FF0005D4A6 /* Frameworks */,
				5F0B256D1D6973FF0005D4A6 /* Resources */,
			);
			buildRules = (
			);
			dependencies = (
				5F0B25711D6973FF0005D4A6 /* PBXTargetDependency */,
			);
			name = CHGMenuSampleUITests;
			productName = CHGMenuSampleUITests;
			productReference = 5F0B256F1D6973FF0005D4A6 /* CHGMenuSampleUITests.xctest */;
			productType = "com.apple.product-type.bundle.ui-testing";
		};
/* End PBXNativeTarget section */

/* Begin PBXProject section */
		5F0B25401D6973FE0005D4A6 /* Project object */ = {
			isa = PBXProject;
			attributes = {
				LastUpgradeCheck = 0730;
				ORGANIZATIONNAME = "陈 海刚";
				TargetAttributes = {
					5F0B25471D6973FE0005D4A6 = {
						CreatedOnToolsVersion = 7.3;
						DevelopmentTeam = NNLNXN4V35;
					};
					5F0B25631D6973FF0005D4A6 = {
						CreatedOnToolsVersion = 7.3;
						TestTargetID = 5F0B25471D6973FE0005D4A6;
					};
					5F0B256E1D6973FF0005D4A6 = {
						CreatedOnToolsVersion = 7.3;
						TestTargetID = 5F0B25471D6973FE0005D4A6;
					};
				};
			};
			buildConfigurationList = 5F0B25431D6973FE0005D4A6 /* Build configuration list for PBXProject "CHGMenuSample" */;
			compatibilityVersion = "Xcode 3.2";
			developmentRegion = English;
			hasScannedForEncodings = 0;
			knownRegions = (
				en,
				Base,
			);
			mainGroup = 5F0B253F1D6973FE0005D4A6;
			productRefGroup = 5F0B25491D6973FE0005D4A6 /* Products */;
			projectDirPath = "";
			projectRoot = "";
			targets = (
				5F0B25471D6973FE0005D4A6 /* CHGMenuSample */,
				5F0B25631D6973FF0005D4A6 /* CHGMenuSampleTests */,
				5F0B256E1D6973FF0005D4A6 /* CHGMenuSampleUITests */,
			);
		};
/* End PBXProject section */

/* Begin PBXResourcesBuildPhase section */
		5F0B25461D6973FE0005D4A6 /* Resources */ = {
			isa = PBXResourcesBuildPhase;
			buildActionMask = 2147483647;
			files = (
				5F0B25BF1D698CE10005D4A6 /* MenuTableViewController.xib in Resources */,
				5F0B25AE1D6983B60005D4A6 /* CHGNavigationViewController.xib in Resources */,
				5F0B255E1D6973FE0005D4A6 /* LaunchScreen.storyboard in Resources */,
				5F0B25ED1D69FD0F0005D4A6 /* MemoryTestViewController.xib in Resources */,
				5F0B25A91D6980870005D4A6 /* NavCell.xib in Resources */,
				5F0B25DA1D69A2B90005D4A6 /* TableViewCell.xib in Resources */,
				5F0B25D41D699EFE0005D4A6 /* Tab1BtnCell.xib in Resources */,
				5F0B25C41D698D0B0005D4A6 /* MenuItemCell.xib in Resources */,
				5F0B25CF1D69964A0005D4A6 /* Tab1ViewController.xib in Resources */,
				5F0B25E41D69BA690005D4A6 /* SecondViewController.xib in Resources */,
				5F0B25B41D6986E20005D4A6 /* AdModeTableViewController.xib in Resources */,
				5F0B25C81D698E550005D4A6 /* icon_.png in Resources */,
				5F0B255B1D6973FE0005D4A6 /* Assets.xcassets in Resources */,
				5F0B25B91D6987EE0005D4A6 /* AdCell.xib in Resources */,
				5F0B25981D69742A0005D4A6 /* ItemBtnCell.xib in Resources */,
			);
			runOnlyForDeploymentPostprocessing = 0;
		};
		5F0B25621D6973FF0005D4A6 /* Resources */ = {
			isa = PBXResourcesBuildPhase;
			buildActionMask = 2147483647;
			files = (
			);
			runOnlyForDeploymentPostprocessing = 0;
		};
		5F0B256D1D6973FF0005D4A6 /* Resources */ = {
			isa = PBXResourcesBuildPhase;
			buildActionMask = 2147483647;
			files = (
			);
			runOnlyForDeploymentPostprocessing = 0;
		};
/* End PBXResourcesBuildPhase section */

/* Begin PBXSourcesBuildPhase section */
		5F0B25441D6973FE0005D4A6 /* Sources */ = {
			isa = PBXSourcesBuildPhase;
			buildActionMask = 2147483647;
			files = (
				5F0B25BE1D698CE10005D4A6 /* MenuTableViewController.m in Sources */,
				5F0B259C1D6976600005D4A6 /* TableViewController.m in Sources */,
				5F0B25931D69742A0005D4A6 /* CHGGridViewCell.m in Sources */,
				5F0B25E31D69BA690005D4A6 /* SecondViewController.m in Sources */,
				5F0B25971D69742A0005D4A6 /* ItemBtnCell.m in Sources */,
				5F0B25921D69742A0005D4A6 /* CHGGridView.m in Sources */,
				5F0B25A71D6980790005D4A6 /* NavCell.m in Sources */,
				5F0B25CE1D69964A0005D4A6 /* Tab1ViewController.m in Sources */,
				5F0B25D21D699EEF0005D4A6 /* Tab1BtnCell.m in Sources */,
				5F0B25C21D698D000005D4A6 /* MenuItemCell.m in Sources */,
				5F0B25961D69742A0005D4A6 /* CHGTabView.m in Sources */,
				5F0B25AD1D6983B60005D4A6 /* CHGNavigationViewController.m in Sources */,
				5F0B25941D69742A0005D4A6 /* CHGMenu.m in Sources */,
				5F0B25B71D6987DC0005D4A6 /* AdCell.m in Sources */,
				5F0B25D81D69A2AE0005D4A6 /* TableViewCell.m in Sources */,
				5F0B25501D6973FE0005D4A6 /* AppDelegate.m in Sources */,
				5F0B25B31D6986E20005D4A6 /* AdModeTableViewController.m in Sources */,
				5F0B254D1D6973FE0005D4A6 /* main.m in Sources */,
				5F0B25591D6973FE0005D4A6 /* CHGMenuSample.xcdatamodeld in Sources */,
				5F0B25951D69742A0005D4A6 /* CHGTabPage.m in Sources */,
				5F0B25911D69742A0005D4A6 /* CHGAdView.m in Sources */,
				5F0B25EC1D69FD0F0005D4A6 /* MemoryTestViewController.m in Sources */,
			);
			runOnlyForDeploymentPostprocessing = 0;
		};
		5F0B25601D6973FF0005D4A6 /* Sources */ = {
			isa = PBXSourcesBuildPhase;
			buildActionMask = 2147483647;
			files = (
				5F0B25691D6973FF0005D4A6 /* CHGMenuSampleTests.m in Sources */,
			);
			runOnlyForDeploymentPostprocessing = 0;
		};
		5F0B256B1D6973FF0005D4A6 /* Sources */ = {
			isa = PBXSourcesBuildPhase;
			buildActionMask = 2147483647;
			files = (
				5F0B25741D6973FF0005D4A6 /* CHGMenuSampleUITests.m in Sources */,
			);
			runOnlyForDeploymentPostprocessing = 0;
		};
/* End PBXSourcesBuildPhase section */

/* Begin PBXTargetDependency section */
		5F0B25661D6973FF0005D4A6 /* PBXTargetDependency */ = {
			isa = PBXTargetDependency;
			target = 5F0B25471D6973FE0005D4A6 /* CHGMenuSample */;
			targetProxy = 5F0B25651D6973FF0005D4A6 /* PBXContainerItemProxy */;
		};
		5F0B25711D6973FF0005D4A6 /* PBXTargetDependency */ = {
			isa = PBXTargetDependency;
			target = 5F0B25471D6973FE0005D4A6 /* CHGMenuSample */;
			targetProxy = 5F0B25701D6973FF0005D4A6 /* PBXContainerItemProxy */;
		};
/* End PBXTargetDependency section */

/* Begin PBXVariantGroup section */
		5F0B255C1D6973FE0005D4A6 /* LaunchScreen.storyboard */ = {
			isa = PBXVariantGroup;
			children = (
				5F0B255D1D6973FE0005D4A6 /* Base */,
			);
			name = LaunchScreen.storyboard;
			sourceTree = "<group>";
		};
/* End PBXVariantGroup section */

/* Begin XCBuildConfiguration section */
		5F0B25761D6973FF0005D4A6 /* Debug */ = {
			isa = XCBuildConfiguration;
			buildSettings = {
				ALWAYS_SEARCH_USER_PATHS = NO;
				CLANG_ANALYZER_NONNULL = YES;
				CLANG_CXX_LANGUAGE_STANDARD = "gnu++0x";
				CLANG_CXX_LIBRARY = "libc++";
				CLANG_ENABLE_MODULES = YES;
				CLANG_ENABLE_OBJC_ARC = YES;
				CLANG_WARN_BOOL_CONVERSION = YES;
				CLANG_WARN_CONSTANT_CONVERSION = YES;
				CLANG_WARN_DIRECT_OBJC_ISA_USAGE = YES_ERROR;
				CLANG_WARN_EMPTY_BODY = YES;
				CLANG_WARN_ENUM_CONVERSION = YES;
				CLANG_WARN_INT_CONVERSION = YES;
				CLANG_WARN_OBJC_ROOT_CLASS = YES_ERROR;
				CLANG_WARN_UNREACHABLE_CODE = YES;
				CLANG_WARN__DUPLICATE_METHOD_MATCH = YES;
				"CODE_SIGN_IDENTITY[sdk=iphoneos*]" = "iPhone Developer";
				COPY_PHASE_STRIP = NO;
				DEBUG_INFORMATION_FORMAT = dwarf;
				ENABLE_STRICT_OBJC_MSGSEND = YES;
				ENABLE_TESTABILITY = YES;
				GCC_C_LANGUAGE_STANDARD = gnu99;
				GCC_DYNAMIC_NO_PIC = NO;
				GCC_NO_COMMON_BLOCKS = YES;
				GCC_OPTIMIZATION_LEVEL = 0;
				GCC_PREPROCESSOR_DEFINITIONS = (
					"DEBUG=1",
					"$(inherited)",
				);
				GCC_WARN_64_TO_32_BIT_CONVERSION = YES;
				GCC_WARN_ABOUT_RETURN_TYPE = YES_ERROR;
				GCC_WARN_UNDECLARED_SELECTOR = YES;
				GCC_WARN_UNINITIALIZED_AUTOS = YES_AGGRESSIVE;
				GCC_WARN_UNUSED_FUNCTION = YES;
				GCC_WARN_UNUSED_VARIABLE = YES;
				IPHONEOS_DEPLOYMENT_TARGET = 9.3;
				MTL_ENABLE_DEBUG_INFO = YES;
				ONLY_ACTIVE_ARCH = YES;
				SDKROOT = iphoneos;
			};
			name = Debug;
		};
		5F0B25771D6973FF0005D4A6 /* Release */ = {
			isa = XCBuildConfiguration;
			buildSettings = {
				ALWAYS_SEARCH_USER_PATHS = NO;
				CLANG_ANALYZER_NONNULL = YES;
				CLANG_CXX_LANGUAGE_STANDARD = "gnu++0x";
				CLANG_CXX_LIBRARY = "libc++";
				CLANG_ENABLE_MODULES = YES;
				CLANG_ENABLE_OBJC_ARC = YES;
				CLANG_WARN_BOOL_CONVERSION = YES;
				CLANG_WARN_CONSTANT_CONVERSION = YES;
				CLANG_WARN_DIRECT_OBJC_ISA_USAGE = YES_ERROR;
				CLANG_WARN_EMPTY_BODY = YES;
				CLANG_WARN_ENUM_CONVERSION = YES;
				CLANG_WARN_INT_CONVERSION = YES;
				CLANG_WARN_OBJC_ROOT_CLASS = YES_ERROR;
				CLANG_WARN_UNREACHABLE_CODE = YES;
				CLANG_WARN__DUPLICATE_METHOD_MATCH = YES;
				"CODE_SIGN_IDENTITY[sdk=iphoneos*]" = "iPhone Developer";
				COPY_PHASE_STRIP = NO;
				DEBUG_INFORMATION_FORMAT = "dwarf-with-dsym";
				ENABLE_NS_ASSERTIONS = NO;
				ENABLE_STRICT_OBJC_MSGSEND = YES;
				GCC_C_LANGUAGE_STANDARD = gnu99;
				GCC_NO_COMMON_BLOCKS = YES;
				GCC_WARN_64_TO_32_BIT_CONVERSION = YES;
				GCC_WARN_ABOUT_RETURN_TYPE = YES_ERROR;
				GCC_WARN_UNDECLARED_SELECTOR = YES;
				GCC_WARN_UNINITIALIZED_AUTOS = YES_AGGRESSIVE;
				GCC_WARN_UNUSED_FUNCTION = YES;
				GCC_WARN_UNUSED_VARIABLE = YES;
				IPHONEOS_DEPLOYMENT_TARGET = 9.3;
				MTL_ENABLE_DEBUG_INFO = NO;
				SDKROOT = iphoneos;
				VALIDATE_PRODUCT = YES;
			};
			name = Release;
		};
		5F0B25791D6973FF0005D4A6 /* Debug */ = {
			isa = XCBuildConfiguration;
			buildSettings = {
				ASSETCATALOG_COMPILER_APPICON_NAME = AppIcon;
				CODE_SIGN_IDENTITY = "iPhone Developer: Haigang Chen (XU4WMLKLVC)";
				"CODE_SIGN_IDENTITY[sdk=iphoneos*]" = "iPhone Developer: Haigang Chen (XU4WMLKLVC)";
				INFOPLIST_FILE = CHGMenuSample/Info.plist;
				LD_RUNPATH_SEARCH_PATHS = "$(inherited) @executable_path/Frameworks";
				PRODUCT_BUNDLE_IDENTIFIER = com.chg.qiche;
				PRODUCT_NAME = "$(TARGET_NAME)";
				PROVISIONING_PROFILE = "daa5c25d-f54a-4041-9252-a4dd84e8c12c";
			};
			name = Debug;
		};
		5F0B257A1D6973FF0005D4A6 /* Release */ = {
			isa = XCBuildConfiguration;
			buildSettings = {
				ASSETCATALOG_COMPILER_APPICON_NAME = AppIcon;
				CODE_SIGN_IDENTITY = "iPhone Developer: Haigang Chen (XU4WMLKLVC)";
				"CODE_SIGN_IDENTITY[sdk=iphoneos*]" = "iPhone Developer: Haigang Chen (XU4WMLKLVC)";
				INFOPLIST_FILE = CHGMenuSample/Info.plist;
				LD_RUNPATH_SEARCH_PATHS = "$(inherited) @executable_path/Frameworks";
				PRODUCT_BUNDLE_IDENTIFIER = com.chg.qiche;
				PRODUCT_NAME = "$(TARGET_NAME)";
				PROVISIONING_PROFILE = "daa5c25d-f54a-4041-9252-a4dd84e8c12c";
			};
			name = Release;
		};
		5F0B257C1D6973FF0005D4A6 /* Debug */ = {
			isa = XCBuildConfiguration;
			buildSettings = {
				BUNDLE_LOADER = "$(TEST_HOST)";
				INFOPLIST_FILE = CHGMenuSampleTests/Info.plist;
				LD_RUNPATH_SEARCH_PATHS = "$(inherited) @executable_path/Frameworks @loader_path/Frameworks";
				PRODUCT_BUNDLE_IDENTIFIER = com.chg.CHGMenuSample.CHGMenuSampleTests;
				PRODUCT_NAME = "$(TARGET_NAME)";
				TEST_HOST = "$(BUILT_PRODUCTS_DIR)/CHGMenuSample.app/CHGMenuSample";
			};
			name = Debug;
		};
		5F0B257D1D6973FF0005D4A6 /* Release */ = {
			isa = XCBuildConfiguration;
			buildSettings = {
				BUNDLE_LOADER = "$(TEST_HOST)";
				INFOPLIST_FILE = CHGMenuSampleTests/Info.plist;
				LD_RUNPATH_SEARCH_PATHS = "$(inherited) @executable_path/Frameworks @loader_path/Frameworks";
				PRODUCT_BUNDLE_IDENTIFIER = com.chg.CHGMenuSample.CHGMenuSampleTests;
				PRODUCT_NAME = "$(TARGET_NAME)";
				TEST_HOST = "$(BUILT_PRODUCTS_DIR)/CHGMenuSample.app/CHGMenuSample";
			};
			name = Release;
		};
		5F0B257F1D6973FF0005D4A6 /* Debug */ = {
			isa = XCBuildConfiguration;
			buildSettings = {
				INFOPLIST_FILE = CHGMenuSampleUITests/Info.plist;
				LD_RUNPATH_SEARCH_PATHS = "$(inherited) @executable_path/Frameworks @loader_path/Frameworks";
				PRODUCT_BUNDLE_IDENTIFIER = com.chg.CHGMenuSample.CHGMenuSampleUITests;
				PRODUCT_NAME = "$(TARGET_NAME)";
				TEST_TARGET_NAME = CHGMenuSample;
			};
			name = Debug;
		};
		5F0B25801D6973FF0005D4A6 /* Release */ = {
			isa = XCBuildConfiguration;
			buildSettings = {
				INFOPLIST_FILE = CHGMenuSampleUITests/Info.plist;
				LD_RUNPATH_SEARCH_PATHS = "$(inherited) @executable_path/Frameworks @loader_path/Frameworks";
				PRODUCT_BUNDLE_IDENTIFIER = com.chg.CHGMenuSample.CHGMenuSampleUITests;
				PRODUCT_NAME = "$(TARGET_NAME)";
				TEST_TARGET_NAME = CHGMenuSample;
			};
			name = Release;
		};
/* End XCBuildConfiguration section */

/* Begin XCConfigurationList section */
		5F0B25431D6973FE0005D4A6 /* Build configuration list for PBXProject "CHGMenuSample" */ = {
			isa = XCConfigurationList;
			buildConfigurations = (
				5F0B25761D6973FF0005D4A6 /* Debug */,
				5F0B25771D6973FF0005D4A6 /* Release */,
			);
			defaultConfigurationIsVisible = 0;
			defaultConfigurationName = Release;
		};
		5F0B25781D6973FF0005D4A6 /* Build configuration list for PBXNativeTarget "CHGMenuSample" */ = {
			isa = XCConfigurationList;
			buildConfigurations = (
				5F0B25791D6973FF0005D4A6 /* Debug */,
				5F0B257A1D6973FF0005D4A6 /* Release */,
			);
			defaultConfigurationIsVisible = 0;
			defaultConfigurationName = Release;
		};
		5F0B257B1D6973FF0005D4A6 /* Build configuration list for PBXNativeTarget "CHGMenuSampleTests" */ = {
			isa = XCConfigurationList;
			buildConfigurations = (
				5F0B257C1D6973FF0005D4A6 /* Debug */,
				5F0B257D1D6973FF0005D4A6 /* Release */,
			);
			defaultConfigurationIsVisible = 0;
			defaultConfigurationName = Release;
		};
		5F0B257E1D6973FF0005D4A6 /* Build configuration list for PBXNativeTarget "CHGMenuSampleUITests" */ = {
			isa = XCConfigurationList;
			buildConfigurations = (
				5F0B257F1D6973FF0005D4A6 /* Debug */,
				5F0B25801D6973FF0005D4A6 /* Release */,
			);
			defaultConfigurationIsVisible = 0;
			defaultConfigurationName = Release;
		};
/* End XCConfigurationList section */

/* Begin XCVersionGroup section */
		5F0B25571D6973FE0005D4A6 /* CHGMenuSample.xcdatamodeld */ = {
			isa = XCVersionGroup;
			children = (
				5F0B25581D6973FE0005D4A6 /* CHGMenuSample.xcdatamodel */,
			);
			currentVersion = 5F0B25581D6973FE0005D4A6 /* CHGMenuSample.xcdatamodel */;
			path = CHGMenuSample.xcdatamodeld;
			sourceTree = "<group>";
			versionGroupType = wrapper.xcdatamodel;
		};
/* End XCVersionGroup section */
	};
	rootObject = 5F0B25401D6973FE0005D4A6 /* Project object */;
}
