// !$*UTF8*$!
{
	archiveVersion = 1;
	classes = {
	};
	objectVersion = 46;
	objects = {

/* Begin PBXBuildFile section */
		0E66C8DB1D768ACD00A88FF3 /* Tab2TestViewController.m in Sources */ = {isa = PBXBuildFile; fileRef = 0E66C8D91D768ACD00A88FF3 /* Tab2TestViewController.m */; };
		0E66C8DC1D768ACD00A88FF3 /* Tab2TestViewController.xib in Resources */ = {isa = PBXBuildFile; fileRef = 0E66C8DA1D768ACD00A88FF3 /* Tab2TestViewController.xib */; };
		0E66C8E11D76A45200A88FF3 /* Tab11Cell.m in Sources */ = {isa = PBXBuildFile; fileRef = 0E66C8E01D76A45200A88FF3 /* Tab11Cell.m */; };
		0E66C8E31D76A65400A88FF3 /* Tab11Cell.xib in Resources */ = {isa = PBXBuildFile; fileRef = 0E66C8E21D76A65400A88FF3 /* Tab11Cell.xib */; };
		5F06B8CB1D7C77C700197935 /* NewGridViewTestViewController.m in Sources */ = {isa = PBXBuildFile; fileRef = 5F06B8CA1D7C77C700197935 /* NewGridViewTestViewController.m */; };
		5F0B254D1D6973FE0005D4A6 /* main.m in Sources */ = {isa = PBXBuildFile; fileRef = 5F0B254C1D6973FE0005D4A6 /* main.m */; };
		5F0B25501D6973FE0005D4A6 /* AppDelegate.m in Sources */ = {isa = PBXBuildFile; fileRef = 5F0B254F1D6973FE0005D4A6 /* AppDelegate.m */; };
		5F0B25591D6973FE0005D4A6 /* CHGMenuSample.xcdatamodeld in Sources */ = {isa = PBXBuildFile; fileRef = 5F0B25571D6973FE0005D4A6 /* CHGMenuSample.xcdatamodeld */; };
		5F0B255B1D6973FE0005D4A6 /* Assets.xcassets in Resources */ = {isa = PBXBuildFile; fileRef = 5F0B255A1D6973FE0005D4A6 /* Assets.xcassets */; };
		5F0B255E1D6973FE0005D4A6 /* LaunchScreen.storyboard in Resources */ = {isa = PBXBuildFile; fileRef = 5F0B255C1D6973FE0005D4A6 /* LaunchScreen.storyboard */; };
		5F0B25691D6973FF0005D4A6 /* CHGMenuSampleTests.m in Sources */ = {isa = PBXBuildFile; fileRef = 5F0B25681D6973FF0005D4A6 /* CHGMenuSampleTests.m */; };
		5F0B25741D6973FF0005D4A6 /* CHGMenuSampleUITests.m in Sources */ = {isa = PBXBuildFile; fileRef = 5F0B25731D6973FF0005D4A6 /* CHGMenuSampleUITests.m */; };
		5F0B259C1D6976600005D4A6 /* TableViewController.m in Sources */ = {isa = PBXBuildFile; fileRef = 5F0B259B1D6976600005D4A6 /* TableViewController.m */; };
		5F0B25A71D6980790005D4A6 /* NavCell.m in Sources */ = {isa = PBXBuildFile; fileRef = 5F0B25A61D6980790005D4A6 /* NavCell.m */; };
		5F0B25A91D6980870005D4A6 /* NavCell.xib in Resources */ = {isa = PBXBuildFile; fileRef = 5F0B25A81D6980870005D4A6 /* NavCell.xib */; };
		5F0B25AD1D6983B60005D4A6 /* CHGNavigationViewController.m in Sources */ = {isa = PBXBuildFile; fileRef = 5F0B25AB1D6983B60005D4A6 /* CHGNavigationViewController.m */; };
		5F0B25AE1D6983B60005D4A6 /* CHGNavigationViewController.xib in Resources */ = {isa = PBXBuildFile; fileRef = 5F0B25AC1D6983B60005D4A6 /* CHGNavigationViewController.xib */; };
		5F0B25B31D6986E20005D4A6 /* AdModeTableViewController.m in Sources */ = {isa = PBXBuildFile; fileRef = 5F0B25B11D6986E20005D4A6 /* AdModeTableViewController.m */; };
		5F0B25B41D6986E20005D4A6 /* AdModeTableViewController.xib in Resources */ = {isa = PBXBuildFile; fileRef = 5F0B25B21D6986E20005D4A6 /* AdModeTableViewController.xib */; };
		5F0B25B71D6987DC0005D4A6 /* AdCell.m in Sources */ = {isa = PBXBuildFile; fileRef = 5F0B25B61D6987DC0005D4A6 /* AdCell.m */; };
		5F0B25B91D6987EE0005D4A6 /* AdCell.xib in Resources */ = {isa = PBXBuildFile; fileRef = 5F0B25B81D6987EE0005D4A6 /* AdCell.xib */; };
		5F0B25BE1D698CE10005D4A6 /* MenuTableViewController.m in Sources */ = {isa = PBXBuildFile; fileRef = 5F0B25BC1D698CE10005D4A6 /* MenuTableViewController.m */; };
		5F0B25BF1D698CE10005D4A6 /* MenuTableViewController.xib in Resources */ = {isa = PBXBuildFile; fileRef = 5F0B25BD1D698CE10005D4A6 /* MenuTableViewController.xib */; };
		5F0B25C21D698D000005D4A6 /* MenuItemCell.m in Sources */ = {isa = PBXBuildFile; fileRef = 5F0B25C11D698D000005D4A6 /* MenuItemCell.m */; };
		5F0B25C41D698D0B0005D4A6 /* MenuItemCell.xib in Resources */ = {isa = PBXBuildFile; fileRef = 5F0B25C31D698D0B0005D4A6 /* MenuItemCell.xib */; };
		5F0B25C81D698E550005D4A6 /* icon_.png in Resources */ = {isa = PBXBuildFile; fileRef = 5F0B25C71D698E550005D4A6 /* icon_.png */; };
		5F0B25CE1D69964A0005D4A6 /* Tab1ViewController.m in Sources */ = {isa = PBXBuildFile; fileRef = 5F0B25CC1D69964A0005D4A6 /* Tab1ViewController.m */; };
		5F0B25CF1D69964A0005D4A6 /* Tab1ViewController.xib in Resources */ = {isa = PBXBuildFile; fileRef = 5F0B25CD1D69964A0005D4A6 /* Tab1ViewController.xib */; };
		5F0B25D21D699EEF0005D4A6 /* Tab1BtnCell.m in Sources */ = {isa = PBXBuildFile; fileRef = 5F0B25D11D699EEF0005D4A6 /* Tab1BtnCell.m */; };
		5F0B25D41D699EFE0005D4A6 /* Tab1BtnCell.xib in Resources */ = {isa = PBXBuildFile; fileRef = 5F0B25D31D699EFE0005D4A6 /* Tab1BtnCell.xib */; };
		5F0B25D81D69A2AE0005D4A6 /* TableViewCell.m in Sources */ = {isa = PBXBuildFile; fileRef = 5F0B25D71D69A2AE0005D4A6 /* TableViewCell.m */; };
		5F0B25DA1D69A2B90005D4A6 /* TableViewCell.xib in Resources */ = {isa = PBXBuildFile; fileRef = 5F0B25D91D69A2B90005D4A6 /* TableViewCell.xib */; };
		5F0B25E31D69BA690005D4A6 /* SecondViewController.m in Sources */ = {isa = PBXBuildFile; fileRef = 5F0B25E11D69BA690005D4A6 /* SecondViewController.m */; };
		5F0B25E41D69BA690005D4A6 /* SecondViewController.xib in Resources */ = {isa = PBXBuildFile; fileRef = 5F0B25E21D69BA690005D4A6 /* SecondViewController.xib */; };
		5F0B25EC1D69FD0F0005D4A6 /* MemoryTestViewController.m in Sources */ = {isa = PBXBuildFile; fileRef = 5F0B25EA1D69FD0F0005D4A6 /* MemoryTestViewController.m */; };
		5F0B25ED1D69FD0F0005D4A6 /* MemoryTestViewController.xib in Resources */ = {isa = PBXBuildFile; fileRef = 5F0B25EB1D69FD0F0005D4A6 /* MemoryTestViewController.xib */; };
		5F4CDBB61D9E955F00394140 /* AFHTTPSessionManager.m in Sources */ = {isa = PBXBuildFile; fileRef = 5F4CDB931D9E955F00394140 /* AFHTTPSessionManager.m */; };
		5F4CDBB71D9E955F00394140 /* AFNetworkReachabilityManager.m in Sources */ = {isa = PBXBuildFile; fileRef = 5F4CDB961D9E955F00394140 /* AFNetworkReachabilityManager.m */; };
		5F4CDBB81D9E955F00394140 /* AFSecurityPolicy.m in Sources */ = {isa = PBXBuildFile; fileRef = 5F4CDB981D9E955F00394140 /* AFSecurityPolicy.m */; };
		5F4CDBB91D9E955F00394140 /* AFURLRequestSerialization.m in Sources */ = {isa = PBXBuildFile; fileRef = 5F4CDB9A1D9E955F00394140 /* AFURLRequestSerialization.m */; };
		5F4CDBBA1D9E955F00394140 /* AFURLResponseSerialization.m in Sources */ = {isa = PBXBuildFile; fileRef = 5F4CDB9C1D9E955F00394140 /* AFURLResponseSerialization.m */; };
		5F4CDBBB1D9E955F00394140 /* AFURLSessionManager.m in Sources */ = {isa = PBXBuildFile; fileRef = 5F4CDB9E1D9E955F00394140 /* AFURLSessionManager.m */; };
		5F4CDBBC1D9E955F00394140 /* LICENSE in Resources */ = {isa = PBXBuildFile; fileRef = 5F4CDB9F1D9E955F00394140 /* LICENSE */; };
		5F4CDBBD1D9E955F00394140 /* README.md in Sources */ = {isa = PBXBuildFile; fileRef = 5F4CDBA01D9E955F00394140 /* README.md */; };
		5F4CDBBE1D9E955F00394140 /* AFAutoPurgingImageCache.m in Sources */ = {isa = PBXBuildFile; fileRef = 5F4CDBA31D9E955F00394140 /* AFAutoPurgingImageCache.m */; };
		5F4CDBBF1D9E955F00394140 /* AFImageDownloader.m in Sources */ = {isa = PBXBuildFile; fileRef = 5F4CDBA51D9E955F00394140 /* AFImageDownloader.m */; };
		5F4CDBC01D9E955F00394140 /* AFNetworkActivityIndicatorManager.m in Sources */ = {isa = PBXBuildFile; fileRef = 5F4CDBA71D9E955F00394140 /* AFNetworkActivityIndicatorManager.m */; };
		5F4CDBC11D9E955F00394140 /* UIActivityIndicatorView+AFNetworking.m in Sources */ = {isa = PBXBuildFile; fileRef = 5F4CDBA91D9E955F00394140 /* UIActivityIndicatorView+AFNetworking.m */; };
		5F4CDBC21D9E955F00394140 /* UIButton+AFNetworking.m in Sources */ = {isa = PBXBuildFile; fileRef = 5F4CDBAB1D9E955F00394140 /* UIButton+AFNetworking.m */; };
		5F4CDBC31D9E955F00394140 /* UIImageView+AFNetworking.m in Sources */ = {isa = PBXBuildFile; fileRef = 5F4CDBAE1D9E955F00394140 /* UIImageView+AFNetworking.m */; };
		5F4CDBC41D9E955F00394140 /* UIProgressView+AFNetworking.m in Sources */ = {isa = PBXBuildFile; fileRef = 5F4CDBB11D9E955F00394140 /* UIProgressView+AFNetworking.m */; };
		5F4CDBC51D9E955F00394140 /* UIRefreshControl+AFNetworking.m in Sources */ = {isa = PBXBuildFile; fileRef = 5F4CDBB31D9E955F00394140 /* UIRefreshControl+AFNetworking.m */; };
		5F4CDBC61D9E955F00394140 /* UIWebView+AFNetworking.m in Sources */ = {isa = PBXBuildFile; fileRef = 5F4CDBB51D9E955F00394140 /* UIWebView+AFNetworking.m */; };
		5FF715C81D8051C400386DC0 /* CHGAdView.m in Sources */ = {isa = PBXBuildFile; fileRef = 5FF715B71D8051C400386DC0 /* CHGAdView.m */; };
		5FF715C91D8051C400386DC0 /* CHGGridView.m in Sources */ = {isa = PBXBuildFile; fileRef = 5FF715BA1D8051C400386DC0 /* CHGGridView.m */; };
		5FF715CA1D8051C400386DC0 /* CHGGridViewCell.m in Sources */ = {isa = PBXBuildFile; fileRef = 5FF715BC1D8051C400386DC0 /* CHGGridViewCell.m */; };
		5FF715CB1D8051C400386DC0 /* CHGMenu.m in Sources */ = {isa = PBXBuildFile; fileRef = 5FF715BF1D8051C400386DC0 /* CHGMenu.m */; };
		5FF715CC1D8051C400386DC0 /* CHGTabPage.m in Sources */ = {isa = PBXBuildFile; fileRef = 5FF715C21D8051C400386DC0 /* CHGTabPage.m */; };
		5FF715CD1D8051C400386DC0 /* CHGTabView.m in Sources */ = {isa = PBXBuildFile; fileRef = 5FF715C41D8051C400386DC0 /* CHGTabView.m */; };
		5FF715CE1D8051C400386DC0 /* ItemBtnCell.m in Sources */ = {isa = PBXBuildFile; fileRef = 5FF715C61D8051C400386DC0 /* ItemBtnCell.m */; };
		5FF715CF1D8051C400386DC0 /* ItemBtnCell.xib in Resources */ = {isa = PBXBuildFile; fileRef = 5FF715C71D8051C400386DC0 /* ItemBtnCell.xib */; };
/* End PBXBuildFile section */

/* Begin PBXContainerItemProxy section */
		5F0B25651D6973FF0005D4A6 /* PBXContainerItemProxy */ = {
			isa = PBXContainerItemProxy;
			containerPortal = 5F0B25401D6973FE0005D4A6 /* Project object */;
			proxyType = 1;
			remoteGlobalIDString = 5F0B25471D6973FE0005D4A6;
			remoteInfo = CHGMenuSample;
		};
		5F0B25701D6973FF0005D4A6 /* PBXContainerItemProxy */ = {
			isa = PBXContainerItemProxy;
			containerPortal = 5F0B25401D6973FE0005D4A6 /* Project object */;
			proxyType = 1;
			remoteGlobalIDString = 5F0B25471D6973FE0005D4A6;
			remoteInfo = CHGMenuSample;
		};
/* End PBXContainerItemProxy section */

/* Begin PBXFileReference section */
		0E66C8D81D768ACD00A88FF3 /* Tab2TestViewController.h */ = {isa = PBXFileReference; fileEncoding = 4; lastKnownFileType = sourcecode.c.h; path = Tab2TestViewController.h; sourceTree = "<group>"; };
		0E66C8D91D768ACD00A88FF3 /* Tab2TestViewController.m */ = {isa = PBXFileReference; fileEncoding = 4; lastKnownFileType = sourcecode.c.objc; path = Tab2TestViewController.m; sourceTree = "<group>"; };
		0E66C8DA1D768ACD00A88FF3 /* Tab2TestViewController.xib */ = {isa = PBXFileReference; fileEncoding = 4; lastKnownFileType = file.xib; path = Tab2TestViewController.xib; sourceTree = "<group>"; };
		0E66C8DF1D76A45200A88FF3 /* Tab11Cell.h */ = {isa = PBXFileReference; fileEncoding = 4; lastKnownFileType = sourcecode.c.h; path = Tab11Cell.h; sourceTree = "<group>"; };
		0E66C8E01D76A45200A88FF3 /* Tab11Cell.m */ = {isa = PBXFileReference; fileEncoding = 4; lastKnownFileType = sourcecode.c.objc; path = Tab11Cell.m; sourceTree = "<group>"; };
		0E66C8E21D76A65400A88FF3 /* Tab11Cell.xib */ = {isa = PBXFileReference; fileEncoding = 4; lastKnownFileType = file.xib; path = Tab11Cell.xib; sourceTree = "<group>"; };
		5F06B8C91D7C77C700197935 /* NewGridViewTestViewController.h */ = {isa = PBXFileReference; fileEncoding = 4; lastKnownFileType = sourcecode.c.h; path = NewGridViewTestViewController.h; sourceTree = "<group>"; };
		5F06B8CA1D7C77C700197935 /* NewGridViewTestViewController.m */ = {isa = PBXFileReference; fileEncoding = 4; lastKnownFileType = sourcecode.c.objc; path = NewGridViewTestViewController.m; sourceTree = "<group>"; };
		5F0B25481D6973FE0005D4A6 /* CHGMenuSample.app */ = {isa = PBXFileReference; explicitFileType = wrapper.application; includeInIndex = 0; path = CHGMenuSample.app; sourceTree = BUILT_PRODUCTS_DIR; };
		5F0B254C1D6973FE0005D4A6 /* main.m */ = {isa = PBXFileReference; lastKnownFileType = sourcecode.c.objc; path = main.m; sourceTree = "<group>"; };
		5F0B254E1D6973FE0005D4A6 /* AppDelegate.h */ = {isa = PBXFileReference; lastKnownFileType = sourcecode.c.h; path = AppDelegate.h; sourceTree = "<group>"; };
		5F0B254F1D6973FE0005D4A6 /* AppDelegate.m */ = {isa = PBXFileReference; lastKnownFileType = sourcecode.c.objc; path = AppDelegate.m; sourceTree = "<group>"; };
		5F0B25581D6973FE0005D4A6 /* CHGMenuSample.xcdatamodel */ = {isa = PBXFileReference; lastKnownFileType = wrapper.xcdatamodel; path = CHGMenuSample.xcdatamodel; sourceTree = "<group>"; };
		5F0B255A1D6973FE0005D4A6 /* Assets.xcassets */ = {isa = PBXFileReference; lastKnownFileType = folder.assetcatalog; path = Assets.xcassets; sourceTree = "<group>"; };
		5F0B255D1D6973FE0005D4A6 /* Base */ = {isa = PBXFileReference; lastKnownFileType = file.storyboard; name = Base; path = Base.lproj/LaunchScreen.storyboard; sourceTree = "<group>"; };
		5F0B255F1D6973FE0005D4A6 /* Info.plist */ = {isa = PBXFileReference; lastKnownFileType = text.plist.xml; path = Info.plist; sourceTree = "<group>"; };
		5F0B25641D6973FF0005D4A6 /* CHGMenuSampleTests.xctest */ = {isa = PBXFileReference; explicitFileType = wrapper.cfbundle; includeInIndex = 0; path = CHGMenuSampleTests.xctest; sourceTree = BUILT_PRODUCTS_DIR; };
		5F0B25681D6973FF0005D4A6 /* CHGMenuSampleTests.m */ = {isa = PBXFileReference; lastKnownFileType = sourcecode.c.objc; path = CHGMenuSampleTests.m; sourceTree = "<group>"; };
		5F0B256A1D6973FF0005D4A6 /* Info.plist */ = {isa = PBXFileReference; lastKnownFileType = text.plist.xml; path = Info.plist; sourceTree = "<group>"; };
		5F0B256F1D6973FF0005D4A6 /* CHGMenuSampleUITests.xctest */ = {isa = PBXFileReference; explicitFileType = wrapper.cfbundle; includeInIndex = 0; path = CHGMenuSampleUITests.xctest; sourceTree = BUILT_PRODUCTS_DIR; };
		5F0B25731D6973FF0005D4A6 /* CHGMenuSampleUITests.m */ = {isa = PBXFileReference; lastKnownFileType = sourcecode.c.objc; path = CHGMenuSampleUITests.m; sourceTree = "<group>"; };
		5F0B25751D6973FF0005D4A6 /* Info.plist */ = {isa = PBXFileReference; lastKnownFileType = text.plist.xml; path = Info.plist; sourceTree = "<group>"; };
		5F0B259A1D6976600005D4A6 /* TableViewController.h */ = {isa = PBXFileReference; fileEncoding = 4; lastKnownFileType = sourcecode.c.h; path = TableViewController.h; sourceTree = "<group>"; };
		5F0B259B1D6976600005D4A6 /* TableViewController.m */ = {isa = PBXFileReference; fileEncoding = 4; lastKnownFileType = sourcecode.c.objc; path = TableViewController.m; sourceTree = "<group>"; };
		5F0B25A51D6980790005D4A6 /* NavCell.h */ = {isa = PBXFileReference; fileEncoding = 4; lastKnownFileType = sourcecode.c.h; path = NavCell.h; sourceTree = "<group>"; };
		5F0B25A61D6980790005D4A6 /* NavCell.m */ = {isa = PBXFileReference; fileEncoding = 4; lastKnownFileType = sourcecode.c.objc; path = NavCell.m; sourceTree = "<group>"; };
		5F0B25A81D6980870005D4A6 /* NavCell.xib */ = {isa = PBXFileReference; fileEncoding = 4; lastKnownFileType = file.xib; path = NavCell.xib; sourceTree = "<group>"; };
		5F0B25AA1D6983B60005D4A6 /* CHGNavigationViewController.h */ = {isa = PBXFileReference; fileEncoding = 4; lastKnownFileType = sourcecode.c.h; path = CHGNavigationViewController.h; sourceTree = "<group>"; };
		5F0B25AB1D6983B60005D4A6 /* CHGNavigationViewController.m */ = {isa = PBXFileReference; fileEncoding = 4; lastKnownFileType = sourcecode.c.objc; path = CHGNavigationViewController.m; sourceTree = "<group>"; };
		5F0B25AC1D6983B60005D4A6 /* CHGNavigationViewController.xib */ = {isa = PBXFileReference; fileEncoding = 4; lastKnownFileType = file.xib; path = CHGNavigationViewController.xib; sourceTree = "<group>"; };
		5F0B25B01D6986E20005D4A6 /* AdModeTableViewController.h */ = {isa = PBXFileReference; fileEncoding = 4; lastKnownFileType = sourcecode.c.h; path = AdModeTableViewController.h; sourceTree = "<group>"; };
		5F0B25B11D6986E20005D4A6 /* AdModeTableViewController.m */ = {isa = PBXFileReference; fileEncoding = 4; lastKnownFileType = sourcecode.c.objc; path = AdModeTableViewController.m; sourceTree = "<group>"; };
		5F0B25B21D6986E20005D4A6 /* AdModeTableViewController.xib */ = {isa = PBXFileReference; fileEncoding = 4; lastKnownFileType = file.xib; path = AdModeTableViewController.xib; sourceTree = "<group>"; };
		5F0B25B51D6987DC0005D4A6 /* AdCell.h */ = {isa = PBXFileReference; fileEncoding = 4; lastKnownFileType = sourcecode.c.h; path = AdCell.h; sourceTree = "<group>"; };
		5F0B25B61D6987DC0005D4A6 /* AdCell.m */ = {isa = PBXFileReference; fileEncoding = 4; lastKnownFileType = sourcecode.c.objc; path = AdCell.m; sourceTree = "<group>"; };
		5F0B25B81D6987EE0005D4A6 /* AdCell.xib */ = {isa = PBXFileReference; fileEncoding = 4; lastKnownFileType = file.xib; path = AdCell.xib; sourceTree = "<group>"; };
		5F0B25BB1D698CE10005D4A6 /* MenuTableViewController.h */ = {isa = PBXFileReference; fileEncoding = 4; lastKnownFileType = sourcecode.c.h; path = MenuTableViewController.h; sourceTree = "<group>"; };
		5F0B25BC1D698CE10005D4A6 /* MenuTableViewController.m */ = {isa = PBXFileReference; fileEncoding = 4; lastKnownFileType = sourcecode.c.objc; path = MenuTableViewController.m; sourceTree = "<group>"; };
		5F0B25BD1D698CE10005D4A6 /* MenuTableViewController.xib */ = {isa = PBXFileReference; fileEncoding = 4; lastKnownFileType = file.xib; path = MenuTableViewController.xib; sourceTree = "<group>"; };
		5F0B25C01D698D000005D4A6 /* MenuItemCell.h */ = {isa = PBXFileReference; fileEncoding = 4; lastKnownFileType = sourcecode.c.h; path = MenuItemCell.h; sourceTree = "<group>"; };
		5F0B25C11D698D000005D4A6 /* MenuItemCell.m */ = {isa = PBXFileReference; fileEncoding = 4; lastKnownFileType = sourcecode.c.objc; path = MenuItemCell.m; sourceTree = "<group>"; };
		5F0B25C31D698D0B0005D4A6 /* MenuItemCell.xib */ = {isa = PBXFileReference; fileEncoding = 4; lastKnownFileType = file.xib; path = MenuItemCell.xib; sourceTree = "<group>"; };
		5F0B25C71D698E550005D4A6 /* icon_.png */ = {isa = PBXFileReference; lastKnownFileType = image.png; path = icon_.png; sourceTree = "<group>"; };
		5F0B25CB1D69964A0005D4A6 /* Tab1ViewController.h */ = {isa = PBXFileReference; fileEncoding = 4; lastKnownFileType = sourcecode.c.h; path = Tab1ViewController.h; sourceTree = "<group>"; };
		5F0B25CC1D69964A0005D4A6 /* Tab1ViewController.m */ = {isa = PBXFileReference; fileEncoding = 4; lastKnownFileType = sourcecode.c.objc; path = Tab1ViewController.m; sourceTree = "<group>"; };
		5F0B25CD1D69964A0005D4A6 /* Tab1ViewController.xib */ = {isa = PBXFileReference; fileEncoding = 4; lastKnownFileType = file.xib; path = Tab1ViewController.xib; sourceTree = "<group>"; };
		5F0B25D01D699EEF0005D4A6 /* Tab1BtnCell.h */ = {isa = PBXFileReference; fileEncoding = 4; lastKnownFileType = sourcecode.c.h; path = Tab1BtnCell.h; sourceTree = "<group>"; };
		5F0B25D11D699EEF0005D4A6 /* Tab1BtnCell.m */ = {isa = PBXFileReference; fileEncoding = 4; lastKnownFileType = sourcecode.c.objc; path = Tab1BtnCell.m; sourceTree = "<group>"; };
		5F0B25D31D699EFE0005D4A6 /* Tab1BtnCell.xib */ = {isa = PBXFileReference; fileEncoding = 4; lastKnownFileType = file.xib; path = Tab1BtnCell.xib; sourceTree = "<group>"; };
		5F0B25D61D69A2AE0005D4A6 /* TableViewCell.h */ = {isa = PBXFileReference; fileEncoding = 4; lastKnownFileType = sourcecode.c.h; path = TableViewCell.h; sourceTree = "<group>"; };
		5F0B25D71D69A2AE0005D4A6 /* TableViewCell.m */ = {isa = PBXFileReference; fileEncoding = 4; lastKnownFileType = sourcecode.c.objc; path = TableViewCell.m; sourceTree = "<group>"; };
		5F0B25D91D69A2B90005D4A6 /* TableViewCell.xib */ = {isa = PBXFileReference; fileEncoding = 4; lastKnownFileType = file.xib; path = TableViewCell.xib; sourceTree = "<group>"; };
		5F0B25E01D69BA690005D4A6 /* SecondViewController.h */ = {isa = PBXFileReference; fileEncoding = 4; lastKnownFileType = sourcecode.c.h; path = SecondViewController.h; sourceTree = "<group>"; };
		5F0B25E11D69BA690005D4A6 /* SecondViewController.m */ = {isa = PBXFileReference; fileEncoding = 4; lastKnownFileType = sourcecode.c.objc; path = SecondViewController.m; sourceTree = "<group>"; };
		5F0B25E21D69BA690005D4A6 /* SecondViewController.xib */ = {isa = PBXFileReference; fileEncoding = 4; lastKnownFileType = file.xib; path = SecondViewController.xib; sourceTree = "<group>"; };
		5F0B25E91D69FD0F0005D4A6 /* MemoryTestViewController.h */ = {isa = PBXFileReference; fileEncoding = 4; lastKnownFileType = sourcecode.c.h; path = MemoryTestViewController.h; sourceTree = "<group>"; };
		5F0B25EA1D69FD0F0005D4A6 /* MemoryTestViewController.m */ = {isa = PBXFileReference; fileEncoding = 4; lastKnownFileType = sourcecode.c.objc; path = MemoryTestViewController.m; sourceTree = "<group>"; };
		5F0B25EB1D69FD0F0005D4A6 /* MemoryTestViewController.xib */ = {isa = PBXFileReference; fileEncoding = 4; lastKnownFileType = file.xib; path = MemoryTestViewController.xib; sourceTree = "<group>"; };
		5F4CDB921D9E955F00394140 /* AFHTTPSessionManager.h */ = {isa = PBXFileReference; fileEncoding = 4; lastKnownFileType = sourcecode.c.h; path = AFHTTPSessionManager.h; sourceTree = "<group>"; };
		5F4CDB931D9E955F00394140 /* AFHTTPSessionManager.m */ = {isa = PBXFileReference; fileEncoding = 4; lastKnownFileType = sourcecode.c.objc; path = AFHTTPSessionManager.m; sourceTree = "<group>"; };
		5F4CDB941D9E955F00394140 /* AFNetworking.h */ = {isa = PBXFileReference; fileEncoding = 4; lastKnownFileType = sourcecode.c.h; path = AFNetworking.h; sourceTree = "<group>"; };
		5F4CDB951D9E955F00394140 /* AFNetworkReachabilityManager.h */ = {isa = PBXFileReference; fileEncoding = 4; lastKnownFileType = sourcecode.c.h; path = AFNetworkReachabilityManager.h; sourceTree = "<group>"; };
		5F4CDB961D9E955F00394140 /* AFNetworkReachabilityManager.m */ = {isa = PBXFileReference; fileEncoding = 4; lastKnownFileType = sourcecode.c.objc; path = AFNetworkReachabilityManager.m; sourceTree = "<group>"; };
		5F4CDB971D9E955F00394140 /* AFSecurityPolicy.h */ = {isa = PBXFileReference; fileEncoding = 4; lastKnownFileType = sourcecode.c.h; path = AFSecurityPolicy.h; sourceTree = "<group>"; };
		5F4CDB981D9E955F00394140 /* AFSecurityPolicy.m */ = {isa = PBXFileReference; fileEncoding = 4; lastKnownFileType = sourcecode.c.objc; path = AFSecurityPolicy.m; sourceTree = "<group>"; };
		5F4CDB991D9E955F00394140 /* AFURLRequestSerialization.h */ = {isa = PBXFileReference; fileEncoding = 4; lastKnownFileType = sourcecode.c.h; path = AFURLRequestSerialization.h; sourceTree = "<group>"; };
		5F4CDB9A1D9E955F00394140 /* AFURLRequestSerialization.m */ = {isa = PBXFileReference; fileEncoding = 4; lastKnownFileType = sourcecode.c.objc; path = AFURLRequestSerialization.m; sourceTree = "<group>"; };
		5F4CDB9B1D9E955F00394140 /* AFURLResponseSerialization.h */ = {isa = PBXFileReference; fileEncoding = 4; lastKnownFileType = sourcecode.c.h; path = AFURLResponseSerialization.h; sourceTree = "<group>"; };
		5F4CDB9C1D9E955F00394140 /* AFURLResponseSerialization.m */ = {isa = PBXFileReference; fileEncoding = 4; lastKnownFileType = sourcecode.c.objc; path = AFURLResponseSerialization.m; sourceTree = "<group>"; };
		5F4CDB9D1D9E955F00394140 /* AFURLSessionManager.h */ = {isa = PBXFileReference; fileEncoding = 4; lastKnownFileType = sourcecode.c.h; path = AFURLSessionManager.h; sourceTree = "<group>"; };
		5F4CDB9E1D9E955F00394140 /* AFURLSessionManager.m */ = {isa = PBXFileReference; fileEncoding = 4; lastKnownFileType = sourcecode.c.objc; path = AFURLSessionManager.m; sourceTree = "<group>"; };
		5F4CDB9F1D9E955F00394140 /* LICENSE */ = {isa = PBXFileReference; fileEncoding = 4; lastKnownFileType = text; path = LICENSE; sourceTree = "<group>"; };
		5F4CDBA01D9E955F00394140 /* README.md */ = {isa = PBXFileReference; fileEncoding = 4; lastKnownFileType = net.daringfireball.markdown; path = README.md; sourceTree = "<group>"; };
		5F4CDBA21D9E955F00394140 /* AFAutoPurgingImageCache.h */ = {isa = PBXFileReference; fileEncoding = 4; lastKnownFileType = sourcecode.c.h; path = AFAutoPurgingImageCache.h; sourceTree = "<group>"; };
		5F4CDBA31D9E955F00394140 /* AFAutoPurgingImageCache.m */ = {isa = PBXFileReference; fileEncoding = 4; lastKnownFileType = sourcecode.c.objc; path = AFAutoPurgingImageCache.m; sourceTree = "<group>"; };
		5F4CDBA41D9E955F00394140 /* AFImageDownloader.h */ = {isa = PBXFileReference; fileEncoding = 4; lastKnownFileType = sourcecode.c.h; path = AFImageDownloader.h; sourceTree = "<group>"; };
		5F4CDBA51D9E955F00394140 /* AFImageDownloader.m */ = {isa = PBXFileReference; fileEncoding = 4; lastKnownFileType = sourcecode.c.objc; path = AFImageDownloader.m; sourceTree = "<group>"; };
		5F4CDBA61D9E955F00394140 /* AFNetworkActivityIndicatorManager.h */ = {isa = PBXFileReference; fileEncoding = 4; lastKnownFileType = sourcecode.c.h; path = AFNetworkActivityIndicatorManager.h; sourceTree = "<group>"; };
		5F4CDBA71D9E955F00394140 /* AFNetworkActivityIndicatorManager.m */ = {isa = PBXFileReference; fileEncoding = 4; lastKnownFileType = sourcecode.c.objc; path = AFNetworkActivityIndicatorManager.m; sourceTree = "<group>"; };
		5F4CDBA81D9E955F00394140 /* UIActivityIndicatorView+AFNetworking.h */ = {isa = PBXFileReference; fileEncoding = 4; lastKnownFileType = sourcecode.c.h; path = "UIActivityIndicatorView+AFNetworking.h"; sourceTree = "<group>"; };
		5F4CDBA91D9E955F00394140 /* UIActivityIndicatorView+AFNetworking.m */ = {isa = PBXFileReference; fileEncoding = 4; lastKnownFileType = sourcecode.c.objc; path = "UIActivityIndicatorView+AFNetworking.m"; sourceTree = "<group>"; };
		5F4CDBAA1D9E955F00394140 /* UIButton+AFNetworking.h */ = {isa = PBXFileReference; fileEncoding = 4; lastKnownFileType = sourcecode.c.h; path = "UIButton+AFNetworking.h"; sourceTree = "<group>"; };
		5F4CDBAB1D9E955F00394140 /* UIButton+AFNetworking.m */ = {isa = PBXFileReference; fileEncoding = 4; lastKnownFileType = sourcecode.c.objc; path = "UIButton+AFNetworking.m"; sourceTree = "<group>"; };
		5F4CDBAC1D9E955F00394140 /* UIImage+AFNetworking.h */ = {isa = PBXFileReference; fileEncoding = 4; lastKnownFileType = sourcecode.c.h; path = "UIImage+AFNetworking.h"; sourceTree = "<group>"; };
		5F4CDBAD1D9E955F00394140 /* UIImageView+AFNetworking.h */ = {isa = PBXFileReference; fileEncoding = 4; lastKnownFileType = sourcecode.c.h; path = "UIImageView+AFNetworking.h"; sourceTree = "<group>"; };
		5F4CDBAE1D9E955F00394140 /* UIImageView+AFNetworking.m */ = {isa = PBXFileReference; fileEncoding = 4; lastKnownFileType = sourcecode.c.objc; path = "UIImageView+AFNetworking.m"; sourceTree = "<group>"; };
		5F4CDBAF1D9E955F00394140 /* UIKit+AFNetworking.h */ = {isa = PBXFileReference; fileEncoding = 4; lastKnownFileType = sourcecode.c.h; path = "UIKit+AFNetworking.h"; sourceTree = "<group>"; };
		5F4CDBB01D9E955F00394140 /* UIProgressView+AFNetworking.h */ = {isa = PBXFileReference; fileEncoding = 4; lastKnownFileType = sourcecode.c.h; path = "UIProgressView+AFNetworking.h"; sourceTree = "<group>"; };
		5F4CDBB11D9E955F00394140 /* UIProgressView+AFNetworking.m */ = {isa = PBXFileReference; fileEncoding = 4; lastKnownFileType = sourcecode.c.objc; path = "UIProgressView+AFNetworking.m"; sourceTree = "<group>"; };
		5F4CDBB21D9E955F00394140 /* UIRefreshControl+AFNetworking.h */ = {isa = PBXFileReference; fileEncoding = 4; lastKnownFileType = sourcecode.c.h; path = "UIRefreshControl+AFNetworking.h"; sourceTree = "<group>"; };
		5F4CDBB31D9E955F00394140 /* UIRefreshControl+AFNetworking.m */ = {isa = PBXFileReference; fileEncoding = 4; lastKnownFileType = sourcecode.c.objc; path = "UIRefreshControl+AFNetworking.m"; sourceTree = "<group>"; };
		5F4CDBB41D9E955F00394140 /* UIWebView+AFNetworking.h */ = {isa = PBXFileReference; fileEncoding = 4; lastKnownFileType = sourcecode.c.h; path = "UIWebView+AFNetworking.h"; sourceTree = "<group>"; };
		5F4CDBB51D9E955F00394140 /* UIWebView+AFNetworking.m */ = {isa = PBXFileReference; fileEncoding = 4; lastKnownFileType = sourcecode.c.objc; path = "UIWebView+AFNetworking.m"; sourceTree = "<group>"; };
		5FF715B61D8051C400386DC0 /* CHGAdView.h */ = {isa = PBXFileReference; fileEncoding = 4; lastKnownFileType = sourcecode.c.h; path = CHGAdView.h; sourceTree = "<group>"; };
		5FF715B71D8051C400386DC0 /* CHGAdView.m */ = {isa = PBXFileReference; fileEncoding = 4; lastKnownFileType = sourcecode.c.objc; path = CHGAdView.m; sourceTree = "<group>"; };
		5FF715B91D8051C400386DC0 /* CHGGridView.h */ = {isa = PBXFileReference; fileEncoding = 4; lastKnownFileType = sourcecode.c.h; path = CHGGridView.h; sourceTree = "<group>"; };
		5FF715BA1D8051C400386DC0 /* CHGGridView.m */ = {isa = PBXFileReference; fileEncoding = 4; lastKnownFileType = sourcecode.c.objc; path = CHGGridView.m; sourceTree = "<group>"; };
		5FF715BB1D8051C400386DC0 /* CHGGridViewCell.h */ = {isa = PBXFileReference; fileEncoding = 4; lastKnownFileType = sourcecode.c.h; path = CHGGridViewCell.h; sourceTree = "<group>"; };
		5FF715BC1D8051C400386DC0 /* CHGGridViewCell.m */ = {isa = PBXFileReference; fileEncoding = 4; lastKnownFileType = sourcecode.c.objc; path = CHGGridViewCell.m; sourceTree = "<group>"; };
		5FF715BE1D8051C400386DC0 /* CHGMenu.h */ = {isa = PBXFileReference; fileEncoding = 4; lastKnownFileType = sourcecode.c.h; path = CHGMenu.h; sourceTree = "<group>"; };
		5FF715BF1D8051C400386DC0 /* CHGMenu.m */ = {isa = PBXFileReference; fileEncoding = 4; lastKnownFileType = sourcecode.c.objc; path = CHGMenu.m; sourceTree = "<group>"; };
		5FF715C11D8051C400386DC0 /* CHGTabPage.h */ = {isa = PBXFileReference; fileEncoding = 4; lastKnownFileType = sourcecode.c.h; path = CHGTabPage.h; sourceTree = "<group>"; };
		5FF715C21D8051C400386DC0 /* CHGTabPage.m */ = {isa = PBXFileReference; fileEncoding = 4; lastKnownFileType = sourcecode.c.objc; path = CHGTabPage.m; sourceTree = "<group>"; };
		5FF715C31D8051C400386DC0 /* CHGTabView.h */ = {isa = PBXFileReference; fileEncoding = 4; lastKnownFileType = sourcecode.c.h; path = CHGTabView.h; sourceTree = "<group>"; };
		5FF715C41D8051C400386DC0 /* CHGTabView.m */ = {isa = PBXFileReference; fileEncoding = 4; lastKnownFileType = sourcecode.c.objc; path = CHGTabView.m; sourceTree = "<group>"; };
		5FF715C51D8051C400386DC0 /* ItemBtnCell.h */ = {isa = PBXFileReference; fileEncoding = 4; lastKnownFileType = sourcecode.c.h; path = ItemBtnCell.h; sourceTree = "<group>"; };
		5FF715C61D8051C400386DC0 /* ItemBtnCell.m */ = {isa = PBXFileReference; fileEncoding = 4; lastKnownFileType = sourcecode.c.objc; path = ItemBtnCell.m; sourceTree = "<group>"; };
		5FF715C71D8051C400386DC0 /* ItemBtnCell.xib */ = {isa = PBXFileReference; fileEncoding = 4; lastKnownFileType = file.xib; path = ItemBtnCell.xib; sourceTree = "<group>"; };
/* End PBXFileReference section */

/* Begin PBXFrameworksBuildPhase section */
		5F0B25451D6973FE0005D4A6 /* Frameworks */ = {
			isa = PBXFrameworksBuildPhase;
			buildActionMask = 2147483647;
			files = (
			);
			runOnlyForDeploymentPostprocessing = 0;
		};
		5F0B25611D6973FF0005D4A6 /* Frameworks */ = {
			isa = PBXFrameworksBuildPhase;
			buildActionMask = 2147483647;
			files = (
			);
			runOnlyForDeploymentPostprocessing = 0;
		};
		5F0B256C1D6973FF0005D4A6 /* Frameworks */ = {
			isa = PBXFrameworksBuildPhase;
			buildActionMask = 2147483647;
			files = (
			);
			runOnlyForDeploymentPostprocessing = 0;
		};
/* End PBXFrameworksBuildPhase section */

/* Begin PBXGroup section */
		0E66C8D71D768AAF00A88FF3 /* 2tab */ = {
			isa = PBXGroup;
			children = (
				0E66C8DE1D76A42E00A88FF3 /* tab2 */,
				0E66C8D81D768ACD00A88FF3 /* Tab2TestViewController.h */,
				0E66C8D91D768ACD00A88FF3 /* Tab2TestViewController.m */,
				0E66C8DA1D768ACD00A88FF3 /* Tab2TestViewController.xib */,
			);
			name = 2tab;
			sourceTree = "<group>";
		};
		0E66C8DE1D76A42E00A88FF3 /* tab2 */ = {
			isa = PBXGroup;
			children = (
				0E66C8DF1D76A45200A88FF3 /* Tab11Cell.h */,
				0E66C8E01D76A45200A88FF3 /* Tab11Cell.m */,
				0E66C8E21D76A65400A88FF3 /* Tab11Cell.xib */,
			);
			name = tab2;
			sourceTree = "<group>";
		};
		5F06B8C81D7C779A00197935 /* newGridView */ = {
			isa = PBXGroup;
			children = (
				5F06B8C91D7C77C700197935 /* NewGridViewTestViewController.h */,
				5F06B8CA1D7C77C700197935 /* NewGridViewTestViewController.m */,
			);
			name = newGridView;
			sourceTree = "<group>";
		};
		5F0B253F1D6973FE0005D4A6 = {
			isa = PBXGroup;
			children = (
				5FF715B41D8051C400386DC0 /* CHGGridView */,
				5F0B254A1D6973FE0005D4A6 /* Sample */,
				5F0B25671D6973FF0005D4A6 /* CHGMenuSampleTests */,
				5F0B25721D6973FF0005D4A6 /* CHGMenuSampleUITests */,
				5F0B25491D6973FE0005D4A6 /* Products */,
			);
			sourceTree = "<group>";
		};
		5F0B25491D6973FE0005D4A6 /* Products */ = {
			isa = PBXGroup;
			children = (
				5F0B25481D6973FE0005D4A6 /* CHGMenuSample.app */,
				5F0B25641D6973FF0005D4A6 /* CHGMenuSampleTests.xctest */,
				5F0B256F1D6973FF0005D4A6 /* CHGMenuSampleUITests.xctest */,
			);
			name = Products;
			sourceTree = "<group>";
		};
		5F0B254A1D6973FE0005D4A6 /* Sample */ = {
			isa = PBXGroup;
			children = (
				5F4CDB901D9E955F00394140 /* AFNetworking */,
				5F06B8C81D7C779A00197935 /* newGridView */,
				0E66C8D71D768AAF00A88FF3 /* 2tab */,
				5F0B25E81D69FCDF0005D4A6 /* memoryTest */,
				5F0B25C91D6996230005D4A6 /* tab1 */,
				5F0B25BA1D698CC40005D4A6 /* MenuMode */,
				5F0B25991D6976320005D4A6 /* navigation */,
				5F0B25AF1D6986C70005D4A6 /* AdMode */,
				5F0B259A1D6976600005D4A6 /* TableViewController.h */,
				5F0B259B1D6976600005D4A6 /* TableViewController.m */,
				5F0B254E1D6973FE0005D4A6 /* AppDelegate.h */,
				5F0B254F1D6973FE0005D4A6 /* AppDelegate.m */,
				5F0B255A1D6973FE0005D4A6 /* Assets.xcassets */,
				5F0B255C1D6973FE0005D4A6 /* LaunchScreen.storyboard */,
				5F0B255F1D6973FE0005D4A6 /* Info.plist */,
				5F0B25571D6973FE0005D4A6 /* CHGMenuSample.xcdatamodeld */,
				5F0B254B1D6973FE0005D4A6 /* Supporting Files */,
			);
			name = Sample;
			path = CHGMenuSample;
			sourceTree = "<group>";
		};
		5F0B254B1D6973FE0005D4A6 /* Supporting Files */ = {
			isa = PBXGroup;
			children = (
				5F0B25C61D698E4D0005D4A6 /* image */,
				5F0B254C1D6973FE0005D4A6 /* main.m */,
			);
			name = "Supporting Files";
			sourceTree = "<group>";
		};
		5F0B25671D6973FF0005D4A6 /* CHGMenuSampleTests */ = {
			isa = PBXGroup;
			children = (
				5F0B25681D6973FF0005D4A6 /* CHGMenuSampleTests.m */,
				5F0B256A1D6973FF0005D4A6 /* Info.plist */,
			);
			path = CHGMenuSampleTests;
			sourceTree = "<group>";
		};
		5F0B25721D6973FF0005D4A6 /* CHGMenuSampleUITests */ = {
			isa = PBXGroup;
			children = (
				5F0B25731D6973FF0005D4A6 /* CHGMenuSampleUITests.m */,
				5F0B25751D6973FF0005D4A6 /* Info.plist */,
			);
			path = CHGMenuSampleUITests;
			sourceTree = "<group>";
		};
		5F0B25991D6976320005D4A6 /* navigation */ = {
			isa = PBXGroup;
			children = (
				5F0B25AA1D6983B60005D4A6 /* CHGNavigationViewController.h */,
				5F0B25AB1D6983B60005D4A6 /* CHGNavigationViewController.m */,
				5F0B25AC1D6983B60005D4A6 /* CHGNavigationViewController.xib */,
				5F0B25A51D6980790005D4A6 /* NavCell.h */,
				5F0B25A61D6980790005D4A6 /* NavCell.m */,
				5F0B25A81D6980870005D4A6 /* NavCell.xib */,
			);
			name = navigation;
			sourceTree = "<group>";
		};
		5F0B25AF1D6986C70005D4A6 /* AdMode */ = {
			isa = PBXGroup;
			children = (
				5F0B25B01D6986E20005D4A6 /* AdModeTableViewController.h */,
				5F0B25B11D6986E20005D4A6 /* AdModeTableViewController.m */,
				5F0B25B21D6986E20005D4A6 /* AdModeTableViewController.xib */,
				5F0B25B51D6987DC0005D4A6 /* AdCell.h */,
				5F0B25B61D6987DC0005D4A6 /* AdCell.m */,
				5F0B25B81D6987EE0005D4A6 /* AdCell.xib */,
			);
			name = AdMode;
			sourceTree = "<group>";
		};
		5F0B25BA1D698CC40005D4A6 /* MenuMode */ = {
			isa = PBXGroup;
			children = (
				5F0B25BB1D698CE10005D4A6 /* MenuTableViewController.h */,
				5F0B25BC1D698CE10005D4A6 /* MenuTableViewController.m */,
				5F0B25BD1D698CE10005D4A6 /* MenuTableViewController.xib */,
				5F0B25C01D698D000005D4A6 /* MenuItemCell.h */,
				5F0B25C11D698D000005D4A6 /* MenuItemCell.m */,
				5F0B25C31D698D0B0005D4A6 /* MenuItemCell.xib */,
			);
			name = MenuMode;
			sourceTree = "<group>";
		};
		5F0B25C61D698E4D0005D4A6 /* image */ = {
			isa = PBXGroup;
			children = (
				5F0B25C71D698E550005D4A6 /* icon_.png */,
			);
			name = image;
			sourceTree = "<group>";
		};
		5F0B25C91D6996230005D4A6 /* tab1 */ = {
			isa = PBXGroup;
			children = (
				5F0B25D51D69A27D0005D4A6 /* page */,
				5F0B25CB1D69964A0005D4A6 /* Tab1ViewController.h */,
				5F0B25CC1D69964A0005D4A6 /* Tab1ViewController.m */,
				5F0B25CD1D69964A0005D4A6 /* Tab1ViewController.xib */,
				5F0B25D01D699EEF0005D4A6 /* Tab1BtnCell.h */,
				5F0B25D11D699EEF0005D4A6 /* Tab1BtnCell.m */,
				5F0B25D31D699EFE0005D4A6 /* Tab1BtnCell.xib */,
				5F0B25E01D69BA690005D4A6 /* SecondViewController.h */,
				5F0B25E11D69BA690005D4A6 /* SecondViewController.m */,
				5F0B25E21D69BA690005D4A6 /* SecondViewController.xib */,
			);
			name = tab1;
			sourceTree = "<group>";
		};
		5F0B25D51D69A27D0005D4A6 /* page */ = {
			isa = PBXGroup;
			children = (
				5F0B25D61D69A2AE0005D4A6 /* TableViewCell.h */,
				5F0B25D71D69A2AE0005D4A6 /* TableViewCell.m */,
				5F0B25D91D69A2B90005D4A6 /* TableViewCell.xib */,
			);
			name = page;
			sourceTree = "<group>";
		};
		5F0B25E81D69FCDF0005D4A6 /* memoryTest */ = {
			isa = PBXGroup;
			children = (
				5F0B25E91D69FD0F0005D4A6 /* MemoryTestViewController.h */,
				5F0B25EA1D69FD0F0005D4A6 /* MemoryTestViewController.m */,
				5F0B25EB1D69FD0F0005D4A6 /* MemoryTestViewController.xib */,
			);
			name = memoryTest;
			sourceTree = "<group>";
		};
		5F4CDB901D9E955F00394140 /* AFNetworking */ = {
			isa = PBXGroup;
			children = (
				5F4CDB911D9E955F00394140 /* AFNetworking */,
				5F4CDB9F1D9E955F00394140 /* LICENSE */,
				5F4CDBA01D9E955F00394140 /* README.md */,
				5F4CDBA11D9E955F00394140 /* UIKit+AFNetworking */,
			);
			path = AFNetworking;
			sourceTree = "<group>";
		};
		5F4CDB911D9E955F00394140 /* AFNetworking */ = {
			isa = PBXGroup;
			children = (
				5F4CDB921D9E955F00394140 /* AFHTTPSessionManager.h */,
				5F4CDB931D9E955F00394140 /* AFHTTPSessionManager.m */,
				5F4CDB941D9E955F00394140 /* AFNetworking.h */,
				5F4CDB951D9E955F00394140 /* AFNetworkReachabilityManager.h */,
				5F4CDB961D9E955F00394140 /* AFNetworkReachabilityManager.m */,
				5F4CDB971D9E955F00394140 /* AFSecurityPolicy.h */,
				5F4CDB981D9E955F00394140 /* AFSecurityPolicy.m */,
				5F4CDB991D9E955F00394140 /* AFURLRequestSerialization.h */,
				5F4CDB9A1D9E955F00394140 /* AFURLRequestSerialization.m */,
				5F4CDB9B1D9E955F00394140 /* AFURLResponseSerialization.h */,
				5F4CDB9C1D9E955F00394140 /* AFURLResponseSerialization.m */,
				5F4CDB9D1D9E955F00394140 /* AFURLSessionManager.h */,
				5F4CDB9E1D9E955F00394140 /* AFURLSessionManager.m */,
			);
			path = AFNetworking;
			sourceTree = "<group>";
		};
		5F4CDBA11D9E955F00394140 /* UIKit+AFNetworking */ = {
			isa = PBXGroup;
			children = (
				5F4CDBA21D9E955F00394140 /* AFAutoPurgingImageCache.h */,
				5F4CDBA31D9E955F00394140 /* AFAutoPurgingImageCache.m */,
				5F4CDBA41D9E955F00394140 /* AFImageDownloader.h */,
				5F4CDBA51D9E955F00394140 /* AFImageDownloader.m */,
				5F4CDBA61D9E955F00394140 /* AFNetworkActivityIndicatorManager.h */,
				5F4CDBA71D9E955F00394140 /* AFNetworkActivityIndicatorManager.m */,
				5F4CDBA81D9E955F00394140 /* UIActivityIndicatorView+AFNetworking.h */,
				5F4CDBA91D9E955F00394140 /* UIActivityIndicatorView+AFNetworking.m */,
				5F4CDBAA1D9E955F00394140 /* UIButton+AFNetworking.h */,
				5F4CDBAB1D9E955F00394140 /* UIButton+AFNetworking.m */,
				5F4CDBAC1D9E955F00394140 /* UIImage+AFNetworking.h */,
				5F4CDBAD1D9E955F00394140 /* UIImageView+AFNetworking.h */,
				5F4CDBAE1D9E955F00394140 /* UIImageView+AFNetworking.m */,
				5F4CDBAF1D9E955F00394140 /* UIKit+AFNetworking.h */,
				5F4CDBB01D9E955F00394140 /* UIProgressView+AFNetworking.h */,
				5F4CDBB11D9E955F00394140 /* UIProgressView+AFNetworking.m */,
				5F4CDBB21D9E955F00394140 /* UIRefreshControl+AFNetworking.h */,
				5F4CDBB31D9E955F00394140 /* UIRefreshControl+AFNetworking.m */,
				5F4CDBB41D9E955F00394140 /* UIWebView+AFNetworking.h */,
				5F4CDBB51D9E955F00394140 /* UIWebView+AFNetworking.m */,
			);
			path = "UIKit+AFNetworking";
			sourceTree = "<group>";
		};
		5FF715B41D8051C400386DC0 /* CHGGridView */ = {
			isa = PBXGroup;
			children = (
				5FF715B51D8051C400386DC0 /* CHGAdview */,
				5FF715B81D8051C400386DC0 /* CHGGridViewBase */,
				5FF715BD1D8051C400386DC0 /* CHGMenu */,
				5FF715C01D8051C400386DC0 /* CHGTabPage */,
			);
			path = CHGGridView;
			sourceTree = "<group>";
		};
		5FF715B51D8051C400386DC0 /* CHGAdview */ = {
			isa = PBXGroup;
			children = (
				5FF715B61D8051C400386DC0 /* CHGAdView.h */,
				5FF715B71D8051C400386DC0 /* CHGAdView.m */,
			);
			path = CHGAdview;
			sourceTree = "<group>";
		};
		5FF715B81D8051C400386DC0 /* CHGGridViewBase */ = {
			isa = PBXGroup;
			children = (
				5FF715B91D8051C400386DC0 /* CHGGridView.h */,
				5FF715BA1D8051C400386DC0 /* CHGGridView.m */,
				5FF715BB1D8051C400386DC0 /* CHGGridViewCell.h */,
				5FF715BC1D8051C400386DC0 /* CHGGridViewCell.m */,
			);
			path = CHGGridViewBase;
			sourceTree = "<group>";
		};
		5FF715BD1D8051C400386DC0 /* CHGMenu */ = {
			isa = PBXGroup;
			children = (
				5FF715BE1D8051C400386DC0 /* CHGMenu.h */,
				5FF715BF1D8051C400386DC0 /* CHGMenu.m */,
			);
			path = CHGMenu;
			sourceTree = "<group>";
		};
		5FF715C01D8051C400386DC0 /* CHGTabPage */ = {
			isa = PBXGroup;
			children = (
				5FF715C11D8051C400386DC0 /* CHGTabPage.h */,
				5FF715C21D8051C400386DC0 /* CHGTabPage.m */,
				5FF715C31D8051C400386DC0 /* CHGTabView.h */,
				5FF715C41D8051C400386DC0 /* CHGTabView.m */,
				5FF715C51D8051C400386DC0 /* ItemBtnCell.h */,
				5FF715C61D8051C400386DC0 /* ItemBtnCell.m */,
				5FF715C71D8051C400386DC0 /* ItemBtnCell.xib */,
			);
			path = CHGTabPage;
			sourceTree = "<group>";
		};
/* End PBXGroup section */

/* Begin PBXNativeTarget section */
		5F0B25471D6973FE0005D4A6 /* CHGMenuSample */ = {
			isa = PBXNativeTarget;
			buildConfigurationList = 5F0B25781D6973FF0005D4A6 /* Build configuration list for PBXNativeTarget "CHGMenuSample" */;
			buildPhases = (
				5F0B25441D6973FE0005D4A6 /* Sources */,
				5F0B25451D6973FE0005D4A6 /* Frameworks */,
				5F0B25461D6973FE0005D4A6 /* Resources */,
			);
			buildRules = (
			);
			dependencies = (
			);
			name = CHGMenuSample;
			productName = CHGMenuSample;
			productReference = 5F0B25481D6973FE0005D4A6 /* CHGMenuSample.app */;
			productType = "com.apple.product-type.application";
		};
		5F0B25631D6973FF0005D4A6 /* CHGMenuSampleTests */ = {
			isa = PBXNativeTarget;
			buildConfigurationList = 5F0B257B1D6973FF0005D4A6 /* Build configuration list for PBXNativeTarget "CHGMenuSampleTests" */;
			buildPhases = (
				5F0B25601D6973FF0005D4A6 /* Sources */,
				5F0B25611D6973FF0005D4A6 /* Frameworks */,
				5F0B25621D6973FF0005D4A6 /* Resources */,
			);
			buildRules = (
			);
			dependencies = (
				5F0B25661D6973FF0005D4A6 /* PBXTargetDependency */,
			);
			name = CHGMenuSampleTests;
			productName = CHGMenuSampleTests;
			productReference = 5F0B25641D6973FF0005D4A6 /* CHGMenuSampleTests.xctest */;
			productType = "com.apple.product-type.bundle.unit-test";
		};
		5F0B256E1D6973FF0005D4A6 /* CHGMenuSampleUITests */ = {
			isa = PBXNativeTarget;
			buildConfigurationList = 5F0B257E1D6973FF0005D4A6 /* Build configuration list for PBXNativeTarget "CHGMenuSampleUITests" */;
			buildPhases = (
				5F0B256B1D6973FF0005D4A6 /* Sources */,
				5F0B256C1D6973FF0005D4A6 /* Frameworks */,
				5F0B256D1D6973FF0005D4A6 /* Resources */,
			);
			buildRules = (
			);
			dependencies = (
				5F0B25711D6973FF0005D4A6 /* PBXTargetDependency */,
			);
			name = CHGMenuSampleUITests;
			productName = CHGMenuSampleUITests;
			productReference = 5F0B256F1D6973FF0005D4A6 /* CHGMenuSampleUITests.xctest */;
			productType = "com.apple.product-type.bundle.ui-testing";
		};
/* End PBXNativeTarget section */

/* Begin PBXProject section */
		5F0B25401D6973FE0005D4A6 /* Project object */ = {
			isa = PBXProject;
			attributes = {
				LastUpgradeCheck = 0730;
				ORGANIZATIONNAME = "陈 海刚";
				TargetAttributes = {
					5F0B25471D6973FE0005D4A6 = {
						CreatedOnToolsVersion = 7.3;
						DevelopmentTeam = NNLNXN4V35;
					};
					5F0B25631D6973FF0005D4A6 = {
						CreatedOnToolsVersion = 7.3;
						TestTargetID = 5F0B25471D6973FE0005D4A6;
					};
					5F0B256E1D6973FF0005D4A6 = {
						CreatedOnToolsVersion = 7.3;
						TestTargetID = 5F0B25471D6973FE0005D4A6;
					};
				};
			};
			buildConfigurationList = 5F0B25431D6973FE0005D4A6 /* Build configuration list for PBXProject "CHGMenuSample" */;
			compatibilityVersion = "Xcode 3.2";
			developmentRegion = English;
			hasScannedForEncodings = 0;
			knownRegions = (
				en,
				Base,
			);
			mainGroup = 5F0B253F1D6973FE0005D4A6;
			productRefGroup = 5F0B25491D6973FE0005D4A6 /* Products */;
			projectDirPath = "";
			projectRoot = "";
			targets = (
				5F0B25471D6973FE0005D4A6 /* CHGMenuSample */,
				5F0B25631D6973FF0005D4A6 /* CHGMenuSampleTests */,
				5F0B256E1D6973FF0005D4A6 /* CHGMenuSampleUITests */,
			);
		};
/* End PBXProject section */

/* Begin PBXResourcesBuildPhase section */
		5F0B25461D6973FE0005D4A6 /* Resources */ = {
			isa = PBXResourcesBuildPhase;
			buildActionMask = 2147483647;
			files = (
				5F0B25BF1D698CE10005D4A6 /* MenuTableViewController.xib in Resources */,
				5F0B25AE1D6983B60005D4A6 /* CHGNavigationViewController.xib in Resources */,
				5FF715CF1D8051C400386DC0 /* ItemBtnCell.xib in Resources */,
				5F0B255E1D6973FE0005D4A6 /* LaunchScreen.storyboard in Resources */,
				0E66C8DC1D768ACD00A88FF3 /* Tab2TestViewController.xib in Resources */,
				5F0B25ED1D69FD0F0005D4A6 /* MemoryTestViewController.xib in Resources */,
				5F4CDBBC1D9E955F00394140 /* LICENSE in Resources */,
				5F0B25A91D6980870005D4A6 /* NavCell.xib in Resources */,
				5F0B25DA1D69A2B90005D4A6 /* TableViewCell.xib in Resources */,
				5F0B25D41D699EFE0005D4A6 /* Tab1BtnCell.xib in Resources */,
				5F0B25C41D698D0B0005D4A6 /* MenuItemCell.xib in Resources */,
				5F0B25CF1D69964A0005D4A6 /* Tab1ViewController.xib in Resources */,
				5F0B25E41D69BA690005D4A6 /* SecondViewController.xib in Resources */,
				5F0B25B41D6986E20005D4A6 /* AdModeTableViewController.xib in Resources */,
				5F0B25C81D698E550005D4A6 /* icon_.png in Resources */,
				0E66C8E31D76A65400A88FF3 /* Tab11Cell.xib in Resources */,
				5F0B255B1D6973FE0005D4A6 /* Assets.xcassets in Resources */,
				5F0B25B91D6987EE0005D4A6 /* AdCell.xib in Resources */,
			);
			runOnlyForDeploymentPostprocessing = 0;
		};
		5F0B25621D6973FF0005D4A6 /* Resources */ = {
			isa = PBXResourcesBuildPhase;
			buildActionMask = 2147483647;
			files = (
			);
			runOnlyForDeploymentPostprocessing = 0;
		};
		5F0B256D1D6973FF0005D4A6 /* Resources */ = {
			isa = PBXResourcesBuildPhase;
			buildActionMask = 2147483647;
			files = (
			);
			runOnlyForDeploymentPostprocessing = 0;
		};
/* End PBXResourcesBuildPhase section */

/* Begin PBXSourcesBuildPhase section */
		5F0B25441D6973FE0005D4A6 /* Sources */ = {
			isa = PBXSourcesBuildPhase;
			buildActionMask = 2147483647;
			files = (
				5F4CDBB81D9E955F00394140 /* AFSecurityPolicy.m in Sources */,
				5F06B8CB1D7C77C700197935 /* NewGridViewTestViewController.m in Sources */,
				5F4CDBC51D9E955F00394140 /* UIRefreshControl+AFNetworking.m in Sources */,
				5F0B25BE1D698CE10005D4A6 /* MenuTableViewController.m in Sources */,
				5F4CDBBF1D9E955F00394140 /* AFImageDownloader.m in Sources */,
				5F0B259C1D6976600005D4A6 /* TableViewController.m in Sources */,
				5F4CDBBA1D9E955F00394140 /* AFURLResponseSerialization.m in Sources */,
				5F4CDBC11D9E955F00394140 /* UIActivityIndicatorView+AFNetworking.m in Sources */,
				5F0B25E31D69BA690005D4A6 /* SecondViewController.m in Sources */,
				5F0B25A71D6980790005D4A6 /* NavCell.m in Sources */,
				5F4CDBC31D9E955F00394140 /* UIImageView+AFNetworking.m in Sources */,
				5FF715C81D8051C400386DC0 /* CHGAdView.m in Sources */,
				5F0B25CE1D69964A0005D4A6 /* Tab1ViewController.m in Sources */,
				5FF715CB1D8051C400386DC0 /* CHGMenu.m in Sources */,
				5F0B25D21D699EEF0005D4A6 /* Tab1BtnCell.m in Sources */,
				5F0B25C21D698D000005D4A6 /* MenuItemCell.m in Sources */,
				5FF715CE1D8051C400386DC0 /* ItemBtnCell.m in Sources */,
				5F4CDBBB1D9E955F00394140 /* AFURLSessionManager.m in Sources */,
				5F4CDBC61D9E955F00394140 /* UIWebView+AFNetworking.m in Sources */,
				5F0B25AD1D6983B60005D4A6 /* CHGNavigationViewController.m in Sources */,
				5FF715CD1D8051C400386DC0 /* CHGTabView.m in Sources */,
				0E66C8DB1D768ACD00A88FF3 /* Tab2TestViewController.m in Sources */,
				5FF715C91D8051C400386DC0 /* CHGGridView.m in Sources */,
				5F4CDBC01D9E955F00394140 /* AFNetworkActivityIndicatorManager.m in Sources */,
				5F0B25B71D6987DC0005D4A6 /* AdCell.m in Sources */,
				5F4CDBC21D9E955F00394140 /* UIButton+AFNetworking.m in Sources */,
				0E66C8E11D76A45200A88FF3 /* Tab11Cell.m in Sources */,
				5F4CDBC41D9E955F00394140 /* UIProgressView+AFNetworking.m in Sources */,
				5F0B25D81D69A2AE0005D4A6 /* TableViewCell.m in Sources */,
				5F4CDBBE1D9E955F00394140 /* AFAutoPurgingImageCache.m in Sources */,
				5F4CDBB91D9E955F00394140 /* AFURLRequestSerialization.m in Sources */,
				5F4CDBBD1D9E955F00394140 /* README.md in Sources */,
				5FF715CA1D8051C400386DC0 /* CHGGridViewCell.m in Sources */,
				5F4CDBB71D9E955F00394140 /* AFNetworkReachabilityManager.m in Sources */,
				5FF715CC1D8051C400386DC0 /* CHGTabPage.m in Sources */,
				5F0B25501D6973FE0005D4A6 /* AppDelegate.m in Sources */,
				5F0B25B31D6986E20005D4A6 /* AdModeTableViewController.m in Sources */,
				5F0B254D1D6973FE0005D4A6 /* main.m in Sources */,
				5F0B25591D6973FE0005D4A6 /* CHGMenuSample.xcdatamodeld in Sources */,
				5F0B25EC1D69FD0F0005D4A6 /* MemoryTestViewController.m in Sources */,
				5F4CDBB61D9E955F00394140 /* AFHTTPSessionManager.m in Sources */,
			);
			runOnlyForDeploymentPostprocessing = 0;
		};
		5F0B25601D6973FF0005D4A6 /* Sources */ = {
			isa = PBXSourcesBuildPhase;
			buildActionMask = 2147483647;
			files = (
				5F0B25691D6973FF0005D4A6 /* CHGMenuSampleTests.m in Sources */,
			);
			runOnlyForDeploymentPostprocessing = 0;
		};
		5F0B256B1D6973FF0005D4A6 /* Sources */ = {
			isa = PBXSourcesBuildPhase;
			buildActionMask = 2147483647;
			files = (
				5F0B25741D6973FF0005D4A6 /* CHGMenuSampleUITests.m in Sources */,
			);
			runOnlyForDeploymentPostprocessing = 0;
		};
/* End PBXSourcesBuildPhase section */

/* Begin PBXTargetDependency section */
		5F0B25661D6973FF0005D4A6 /* PBXTargetDependency */ = {
			isa = PBXTargetDependency;
			target = 5F0B25471D6973FE0005D4A6 /* CHGMenuSample */;
			targetProxy = 5F0B25651D6973FF0005D4A6 /* PBXContainerItemProxy */;
		};
		5F0B25711D6973FF0005D4A6 /* PBXTargetDependency */ = {
			isa = PBXTargetDependency;
			target = 5F0B25471D6973FE0005D4A6 /* CHGMenuSample */;
			targetProxy = 5F0B25701D6973FF0005D4A6 /* PBXContainerItemProxy */;
		};
/* End PBXTargetDependency section */

/* Begin PBXVariantGroup section */
		5F0B255C1D6973FE0005D4A6 /* LaunchScreen.storyboard */ = {
			isa = PBXVariantGroup;
			children = (
				5F0B255D1D6973FE0005D4A6 /* Base */,
			);
			name = LaunchScreen.storyboard;
			sourceTree = "<group>";
		};
/* End PBXVariantGroup section */

/* Begin XCBuildConfiguration section */
		5F0B25761D6973FF0005D4A6 /* Debug */ = {
			isa = XCBuildConfiguration;
			buildSettings = {
				ALWAYS_SEARCH_USER_PATHS = NO;
				CLANG_ANALYZER_NONNULL = YES;
				CLANG_CXX_LANGUAGE_STANDARD = "gnu++0x";
				CLANG_CXX_LIBRARY = "libc++";
				CLANG_ENABLE_MODULES = YES;
				CLANG_ENABLE_OBJC_ARC = YES;
				CLANG_WARN_BOOL_CONVERSION = YES;
				CLANG_WARN_CONSTANT_CONVERSION = YES;
				CLANG_WARN_DIRECT_OBJC_ISA_USAGE = YES_ERROR;
				CLANG_WARN_EMPTY_BODY = YES;
				CLANG_WARN_ENUM_CONVERSION = YES;
				CLANG_WARN_INT_CONVERSION = YES;
				CLANG_WARN_OBJC_ROOT_CLASS = YES_ERROR;
				CLANG_WARN_UNREACHABLE_CODE = YES;
				CLANG_WARN__DUPLICATE_METHOD_MATCH = YES;
				"CODE_SIGN_IDENTITY[sdk=iphoneos*]" = "iPhone Developer";
				COPY_PHASE_STRIP = NO;
				DEBUG_INFORMATION_FORMAT = dwarf;
				ENABLE_STRICT_OBJC_MSGSEND = YES;
				ENABLE_TESTABILITY = YES;
				GCC_C_LANGUAGE_STANDARD = gnu99;
				GCC_DYNAMIC_NO_PIC = NO;
				GCC_NO_COMMON_BLOCKS = YES;
				GCC_OPTIMIZATION_LEVEL = 0;
				GCC_PREPROCESSOR_DEFINITIONS = (
					"DEBUG=1",
					"$(inherited)",
				);
				GCC_WARN_64_TO_32_BIT_CONVERSION = YES;
				GCC_WARN_ABOUT_RETURN_TYPE = YES_ERROR;
				GCC_WARN_UNDECLARED_SELECTOR = YES;
				GCC_WARN_UNINITIALIZED_AUTOS = YES_AGGRESSIVE;
				GCC_WARN_UNUSED_FUNCTION = YES;
				GCC_WARN_UNUSED_VARIABLE = YES;
				IPHONEOS_DEPLOYMENT_TARGET = 9.3;
				MTL_ENABLE_DEBUG_INFO = YES;
				ONLY_ACTIVE_ARCH = YES;
				SDKROOT = iphoneos;
			};
			name = Debug;
		};
		5F0B25771D6973FF0005D4A6 /* Release */ = {
			isa = XCBuildConfiguration;
			buildSettings = {
				ALWAYS_SEARCH_USER_PATHS = NO;
				CLANG_ANALYZER_NONNULL = YES;
				CLANG_CXX_LANGUAGE_STANDARD = "gnu++0x";
				CLANG_CXX_LIBRARY = "libc++";
				CLANG_ENABLE_MODULES = YES;
				CLANG_ENABLE_OBJC_ARC = YES;
				CLANG_WARN_BOOL_CONVERSION = YES;
				CLANG_WARN_CONSTANT_CONVERSION = YES;
				CLANG_WARN_DIRECT_OBJC_ISA_USAGE = YES_ERROR;
				CLANG_WARN_EMPTY_BODY = YES;
				CLANG_WARN_ENUM_CONVERSION = YES;
				CLANG_WARN_INT_CONVERSION = YES;
				CLANG_WARN_OBJC_ROOT_CLASS = YES_ERROR;
				CLANG_WARN_UNREACHABLE_CODE = YES;
				CLANG_WARN__DUPLICATE_METHOD_MATCH = YES;
				"CODE_SIGN_IDENTITY[sdk=iphoneos*]" = "iPhone Developer";
				COPY_PHASE_STRIP = NO;
				DEBUG_INFORMATION_FORMAT = "dwarf-with-dsym";
				ENABLE_NS_ASSERTIONS = NO;
				ENABLE_STRICT_OBJC_MSGSEND = YES;
				GCC_C_LANGUAGE_STANDARD = gnu99;
				GCC_NO_COMMON_BLOCKS = YES;
				GCC_WARN_64_TO_32_BIT_CONVERSION = YES;
				GCC_WARN_ABOUT_RETURN_TYPE = YES_ERROR;
				GCC_WARN_UNDECLARED_SELECTOR = YES;
				GCC_WARN_UNINITIALIZED_AUTOS = YES_AGGRESSIVE;
				GCC_WARN_UNUSED_FUNCTION = YES;
				GCC_WARN_UNUSED_VARIABLE = YES;
				IPHONEOS_DEPLOYMENT_TARGET = 9.3;
				MTL_ENABLE_DEBUG_INFO = NO;
				SDKROOT = iphoneos;
				VALIDATE_PRODUCT = YES;
			};
			name = Release;
		};
		5F0B25791D6973FF0005D4A6 /* Debug */ = {
			isa = XCBuildConfiguration;
			buildSettings = {
				ASSETCATALOG_COMPILER_APPICON_NAME = AppIcon;
				CODE_SIGN_IDENTITY = "iPhone Developer";
				"CODE_SIGN_IDENTITY[sdk=iphoneos*]" = "iPhone Developer";
				INFOPLIST_FILE = CHGMenuSample/Info.plist;
				IPHONEOS_DEPLOYMENT_TARGET = 9.3;
				LD_RUNPATH_SEARCH_PATHS = "$(inherited) @executable_path/Frameworks";
				PRODUCT_BUNDLE_IDENTIFIER = "com.chg.qiche--";
				PRODUCT_NAME = "$(TARGET_NAME)";
				PROVISIONING_PROFILE = "";
			};
			name = Debug;
		};
		5F0B257A1D6973FF0005D4A6 /* Release */ = {
			isa = XCBuildConfiguration;
			buildSettings = {
				ASSETCATALOG_COMPILER_APPICON_NAME = AppIcon;
				CODE_SIGN_IDENTITY = "iPhone Developer";
				"CODE_SIGN_IDENTITY[sdk=iphoneos*]" = "iPhone Developer";
				INFOPLIST_FILE = CHGMenuSample/Info.plist;
				IPHONEOS_DEPLOYMENT_TARGET = 9.3;
				LD_RUNPATH_SEARCH_PATHS = "$(inherited) @executable_path/Frameworks";
				PRODUCT_BUNDLE_IDENTIFIER = "com.chg.qiche--";
				PRODUCT_NAME = "$(TARGET_NAME)";
				PROVISIONING_PROFILE = "";
			};
			name = Release;
		};
		5F0B257C1D6973FF0005D4A6 /* Debug */ = {
			isa = XCBuildConfiguration;
			buildSettings = {
				BUNDLE_LOADER = "$(TEST_HOST)";
				INFOPLIST_FILE = CHGMenuSampleTests/Info.plist;
				LD_RUNPATH_SEARCH_PATHS = "$(inherited) @executable_path/Frameworks @loader_path/Frameworks";
				PRODUCT_BUNDLE_IDENTIFIER = com.chg.CHGMenuSample.CHGMenuSampleTests;
				PRODUCT_NAME = "$(TARGET_NAME)";
				TEST_HOST = "$(BUILT_PRODUCTS_DIR)/CHGMenuSample.app/CHGMenuSample";
			};
			name = Debug;
		};
		5F0B257D1D6973FF0005D4A6 /* Release */ = {
			isa = XCBuildConfiguration;
			buildSettings = {
				BUNDLE_LOADER = "$(TEST_HOST)";
				INFOPLIST_FILE = CHGMenuSampleTests/Info.plist;
				LD_RUNPATH_SEARCH_PATHS = "$(inherited) @executable_path/Frameworks @loader_path/Frameworks";
				PRODUCT_BUNDLE_IDENTIFIER = com.chg.CHGMenuSample.CHGMenuSampleTests;
				PRODUCT_NAME = "$(TARGET_NAME)";
				TEST_HOST = "$(BUILT_PRODUCTS_DIR)/CHGMenuSample.app/CHGMenuSample";
			};
			name = Release;
		};
		5F0B257F1D6973FF0005D4A6 /* Debug */ = {
			isa = XCBuildConfiguration;
			buildSettings = {
				INFOPLIST_FILE = CHGMenuSampleUITests/Info.plist;
				LD_RUNPATH_SEARCH_PATHS = "$(inherited) @executable_path/Frameworks @loader_path/Frameworks";
				PRODUCT_BUNDLE_IDENTIFIER = com.chg.CHGMenuSample.CHGMenuSampleUITests;
				PRODUCT_NAME = "$(TARGET_NAME)";
				TEST_TARGET_NAME = CHGMenuSample;
			};
			name = Debug;
		};
		5F0B25801D6973FF0005D4A6 /* Release */ = {
			isa = XCBuildConfiguration;
			buildSettings = {
				INFOPLIST_FILE = CHGMenuSampleUITests/Info.plist;
				LD_RUNPATH_SEARCH_PATHS = "$(inherited) @executable_path/Frameworks @loader_path/Frameworks";
				PRODUCT_BUNDLE_IDENTIFIER = com.chg.CHGMenuSample.CHGMenuSampleUITests;
				PRODUCT_NAME = "$(TARGET_NAME)";
				TEST_TARGET_NAME = CHGMenuSample;
			};
			name = Release;
		};
/* End XCBuildConfiguration section */

/* Begin XCConfigurationList section */
		5F0B25431D6973FE0005D4A6 /* Build configuration list for PBXProject "CHGMenuSample" */ = {
			isa = XCConfigurationList;
			buildConfigurations = (
				5F0B25761D6973FF0005D4A6 /* Debug */,
				5F0B25771D6973FF0005D4A6 /* Release */,
			);
			defaultConfigurationIsVisible = 0;
			defaultConfigurationName = Release;
		};
		5F0B25781D6973FF0005D4A6 /* Build configuration list for PBXNativeTarget "CHGMenuSample" */ = {
			isa = XCConfigurationList;
			buildConfigurations = (
				5F0B25791D6973FF0005D4A6 /* Debug */,
				5F0B257A1D6973FF0005D4A6 /* Release */,
			);
			defaultConfigurationIsVisible = 0;
			defaultConfigurationName = Release;
		};
		5F0B257B1D6973FF0005D4A6 /* Build configuration list for PBXNativeTarget "CHGMenuSampleTests" */ = {
			isa = XCConfigurationList;
			buildConfigurations = (
				5F0B257C1D6973FF0005D4A6 /* Debug */,
				5F0B257D1D6973FF0005D4A6 /* Release */,
			);
			defaultConfigurationIsVisible = 0;
			defaultConfigurationName = Release;
		};
		5F0B257E1D6973FF0005D4A6 /* Build configuration list for PBXNativeTarget "CHGMenuSampleUITests" */ = {
			isa = XCConfigurationList;
			buildConfigurations = (
				5F0B257F1D6973FF0005D4A6 /* Debug */,
				5F0B25801D6973FF0005D4A6 /* Release */,
			);
			defaultConfigurationIsVisible = 0;
			defaultConfigurationName = Release;
		};
/* End XCConfigurationList section */

/* Begin XCVersionGroup section */
		5F0B25571D6973FE0005D4A6 /* CHGMenuSample.xcdatamodeld */ = {
			isa = XCVersionGroup;
			children = (
				5F0B25581D6973FE0005D4A6 /* CHGMenuSample.xcdatamodel */,
			);
			currentVersion = 5F0B25581D6973FE0005D4A6 /* CHGMenuSample.xcdatamodel */;
			path = CHGMenuSample.xcdatamodeld;
			sourceTree = "<group>";
			versionGroupType = wrapper.xcdatamodel;
		};
/* End XCVersionGroup section */
	};
	rootObject = 5F0B25401D6973FE0005D4A6 /* Project object */;
}
